<?xml version="1.0" encoding="utf-8"?>
<Project ToolsVersion="4.0" xmlns="http://schemas.microsoft.com/developer/msbuild/2003">
  <ItemGroup>
    <Filter Include="Source Files">
      <UniqueIdentifier>{4FC737F1-C7A5-4376-A066-2A32D752A2FF}</UniqueIdentifier>
      <Extensions>cpp;cxx;c;def</Extensions>
    </Filter>
    <Filter Include="Form Files">
      <UniqueIdentifier>{99349809-55BA-4b9d-BF79-8FDBB0286EB3}</UniqueIdentifier>
      <Extensions>ui</Extensions>
    </Filter>
    <Filter Include="Resource Files">
      <UniqueIdentifier>{D9D6E242-F8AF-46E4-B9FD-80ECBC20BA3E}</UniqueIdentifier>
      <Extensions>qrc;*</Extensions>
      <ParseFiles>false</ParseFiles>
    </Filter>
    <Filter Include="Generated Files">
      <UniqueIdentifier>{71ED8ED8-ACB9-4CE9-BBE1-E00B30144E11}</UniqueIdentifier>
      <Extensions>moc;h;cpp</Extensions>
      <SourceControlFiles>False</SourceControlFiles>
    </Filter>
    <Filter Include="Generated Files\Debug">
      <UniqueIdentifier>{689d84ba-471e-45b2-a209-674b5ca9bdc6}</UniqueIdentifier>
      <Extensions>cpp;moc</Extensions>
      <SourceControlFiles>False</SourceControlFiles>
    </Filter>
    <Filter Include="Generated Files\Release">
      <UniqueIdentifier>{47c100e0-981e-460f-a41b-c9de54ea2c29}</UniqueIdentifier>
      <Extensions>cpp;moc</Extensions>
      <SourceControlFiles>False</SourceControlFiles>
    </Filter>
    <Filter Include="algorithm">
      <UniqueIdentifier>{0de2faa0-12da-4228-bb63-ecbf59d389a6}</UniqueIdentifier>
    </Filter>
    <Filter Include="algorithm\camera">
      <UniqueIdentifier>{8c0be3e5-177e-4535-a250-e1357d7a3c16}</UniqueIdentifier>
    </Filter>
    <Filter Include="algorithm\conv">
      <UniqueIdentifier>{d22d544b-ddb6-41f2-a58c-8cefb0b06b10}</UniqueIdentifier>
    </Filter>
    <Filter Include="algorithm\freeImage">
      <UniqueIdentifier>{19d0c743-227c-4666-9862-2f3706e528b2}</UniqueIdentifier>
    </Filter>
    <Filter Include="algorithm\kdtree">
      <UniqueIdentifier>{28a06150-5a0b-467d-ae71-f689c52026e8}</UniqueIdentifier>
    </Filter>
    <Filter Include="algorithm\ldpMat">
      <UniqueIdentifier>{13d2eccb-8484-490e-9a46-6df638bc10fa}</UniqueIdentifier>
    </Filter>
    <Filter Include="algorithm\openmesh">
      <UniqueIdentifier>{1b305bf4-4974-4a36-908a-9c87a8991314}</UniqueIdentifier>
    </Filter>
    <Filter Include="algorithm\renderable">
      <UniqueIdentifier>{f5d0d2eb-5677-4c9c-a1d4-e806730fd6aa}</UniqueIdentifier>
    </Filter>
    <Filter Include="algorithm\shader">
      <UniqueIdentifier>{65328cca-380a-417f-a2a1-d0c7f480b2fe}</UniqueIdentifier>
    </Filter>
    <Filter Include="algorithm\svgpp">
      <UniqueIdentifier>{d42d5c11-4c40-4af7-a44d-08b117081341}</UniqueIdentifier>
    </Filter>
    <Filter Include="algorithm\svgpp\nvprsvg">
      <UniqueIdentifier>{a0c256dd-817e-4b22-a21f-94e2816f4259}</UniqueIdentifier>
    </Filter>
    <Filter Include="algorithm\tinyxml">
      <UniqueIdentifier>{c05d38b2-c3af-4b0e-8522-ea9b0af7cc36}</UniqueIdentifier>
    </Filter>
    <Filter Include="algorithm\svgpp\nvprsvg\common">
      <UniqueIdentifier>{6f45ea97-e4f2-4ecb-a235-f3f0ff441ec6}</UniqueIdentifier>
    </Filter>
    <Filter Include="algorithm\svgpp\nvprsvg\stb">
      <UniqueIdentifier>{98db4efb-3d10-4bb0-8b41-6aed1ce67576}</UniqueIdentifier>
    </Filter>
    <Filter Include="algorithm\svgpp\nvprsvg\stc">
      <UniqueIdentifier>{88ff6030-16e8-48af-ba78-29f81d0def38}</UniqueIdentifier>
    </Filter>
    <Filter Include="algorithm\svgpp\nvprsvg\nvpr">
      <UniqueIdentifier>{8ee12c03-d053-4439-879a-b67f12656d39}</UniqueIdentifier>
    </Filter>
    <Filter Include="algorithm\svgpp\nvprsvg\cg">
      <UniqueIdentifier>{eb6d9ce6-f5f9-42e4-b765-0a8e47613d6b}</UniqueIdentifier>
    </Filter>
    <Filter Include="event_handles">
      <UniqueIdentifier>{8047cc94-d4d4-44ff-bd92-eeb8ec035b97}</UniqueIdentifier>
    </Filter>
    <Filter Include="algorithm\SC">
      <UniqueIdentifier>{1e5bfadf-901c-4635-9ac3-1e680c3b9df8}</UniqueIdentifier>
    </Filter>
    <Filter Include="algorithm\SC\DelFEM">
      <UniqueIdentifier>{45cc2882-359b-44e5-9c1e-faa86f431ddb}</UniqueIdentifier>
    </Filter>
    <Filter Include="algorithm\SC\DelFEM\cad">
      <UniqueIdentifier>{f032b8c9-3e8e-4ba7-9e04-3aa486819b59}</UniqueIdentifier>
    </Filter>
    <Filter Include="algorithm\SC\DelFEM\femeqn">
      <UniqueIdentifier>{9e468d87-5e07-47b4-a639-ec71479d29a7}</UniqueIdentifier>
    </Filter>
    <Filter Include="algorithm\SC\DelFEM\femls">
      <UniqueIdentifier>{f75ef685-ec18-469c-8361-4fd171dffb0a}</UniqueIdentifier>
    </Filter>
    <Filter Include="algorithm\SC\DelFEM\ls">
      <UniqueIdentifier>{2d2e10eb-e16b-4c68-a960-4edbc502fbc7}</UniqueIdentifier>
    </Filter>
    <Filter Include="algorithm\SC\DelFEM\matvec">
      <UniqueIdentifier>{a856ee18-96a3-4766-af3b-359efbc77f63}</UniqueIdentifier>
    </Filter>
    <Filter Include="algorithm\SC\DelFEM\msh">
      <UniqueIdentifier>{974365dc-f5c6-4952-ba15-7fa82e414d30}</UniqueIdentifier>
    </Filter>
    <Filter Include="algorithm\SC\DelFEM\rigid">
      <UniqueIdentifier>{8b4264ed-da4a-43d9-a951-c197d77a96ae}</UniqueIdentifier>
    </Filter>
    <Filter Include="algorithm\SC\DelFEM\femfield">
      <UniqueIdentifier>{df088cda-85c0-402e-b397-100bc6b44bb3}</UniqueIdentifier>
    </Filter>
    <Filter Include="algorithm\SC\DelFEM\com">
      <UniqueIdentifier>{740d2522-b51c-4dba-b4ef-767362b7f55f}</UniqueIdentifier>
    </Filter>
    <Filter Include="algorithm\arcsim">
      <UniqueIdentifier>{050509fd-65d4-4ac7-9ad2-dcba7be39a7c}</UniqueIdentifier>
    </Filter>
    <Filter Include="algorithm\arcsim\adaptiveCloth">
      <UniqueIdentifier>{1632ed37-bb3f-4a9e-953b-12007934dde0}</UniqueIdentifier>
    </Filter>
    <Filter Include="algorithm\arcsim\alglib">
      <UniqueIdentifier>{fad2f7cc-ff10-417e-8e34-32efd25b2e4f}</UniqueIdentifier>
    </Filter>
  </ItemGroup>
  <ItemGroup>
    <ClCompile Include="main.cpp">
      <Filter>Source Files</Filter>
    </ClCompile>
    <ClCompile Include="sewingeditor.cpp">
      <Filter>Source Files</Filter>
    </ClCompile>
    <ClCompile Include="GeneratedFiles\Debug\moc_sewingeditor.cpp">
      <Filter>Generated Files\Debug</Filter>
    </ClCompile>
    <ClCompile Include="GeneratedFiles\Release\moc_sewingeditor.cpp">
      <Filter>Generated Files\Release</Filter>
    </ClCompile>
    <ClCompile Include="GeneratedFiles\qrc_sewingeditor.cpp">
      <Filter>Generated Files</Filter>
    </ClCompile>
    <ClCompile Include="SquareWidget.cpp">
      <Filter>Source Files</Filter>
    </ClCompile>
    <ClCompile Include="basemeshviewer.cpp">
      <Filter>Source Files</Filter>
    </ClCompile>
    <ClCompile Include="GeneratedFiles\Debug\moc_basemeshviewer.cpp">
      <Filter>Generated Files\Debug</Filter>
    </ClCompile>
    <ClCompile Include="GeneratedFiles\Release\moc_basemeshviewer.cpp">
      <Filter>Generated Files\Release</Filter>
    </ClCompile>
    <ClCompile Include="algorithm\global_data_holder.cpp">
      <Filter>algorithm</Filter>
    </ClCompile>
    <ClCompile Include="algorithm\Param.cpp">
      <Filter>algorithm</Filter>
    </ClCompile>
    <ClCompile Include="algorithm\qimdebug.cpp">
      <Filter>algorithm</Filter>
    </ClCompile>
    <ClCompile Include="algorithm\camera\Camera.cpp">
      <Filter>algorithm\camera</Filter>
    </ClCompile>
    <ClCompile Include="algorithm\conv\Convolution_Helper.cpp">
      <Filter>algorithm\conv</Filter>
    </ClCompile>
    <ClCompile Include="algorithm\conv\ConvolutionPyramid.cpp">
      <Filter>algorithm\conv</Filter>
    </ClCompile>
    <ClCompile Include="algorithm\conv\ImageData.cpp">
      <Filter>algorithm\conv</Filter>
    </ClCompile>
    <ClCompile Include="algorithm\FreeImage\CFreeImage.cpp">
      <Filter>algorithm\freeImage</Filter>
    </ClCompile>
    <ClCompile Include="algorithm\kdtree\AABB.cpp">
      <Filter>algorithm\kdtree</Filter>
    </ClCompile>
    <ClCompile Include="algorithm\kdtree\KdTree.cpp">
      <Filter>algorithm\kdtree</Filter>
    </ClCompile>
    <ClCompile Include="algorithm\kdtree\Primitive.cpp">
      <Filter>algorithm\kdtree</Filter>
    </ClCompile>
    <ClCompile Include="algorithm\Renderable\AbstractMesh.cpp">
      <Filter>algorithm\renderable</Filter>
    </ClCompile>
    <ClCompile Include="algorithm\Renderable\bmesh.cpp">
      <Filter>algorithm\renderable</Filter>
    </ClCompile>
    <ClCompile Include="algorithm\Renderable\BoneMesh.cpp">
      <Filter>algorithm\renderable</Filter>
    </ClCompile>
    <ClCompile Include="algorithm\Renderable\ConnComponent.cpp">
      <Filter>algorithm\renderable</Filter>
    </ClCompile>
    <ClCompile Include="algorithm\Renderable\CreaseMesh.cpp">
      <Filter>algorithm\renderable</Filter>
    </ClCompile>
    <ClCompile Include="algorithm\Renderable\GLNode.cpp">
      <Filter>algorithm\renderable</Filter>
    </ClCompile>
    <ClCompile Include="algorithm\Renderable\ObjMesh.cpp">
      <Filter>algorithm\renderable</Filter>
    </ClCompile>
    <ClCompile Include="algorithm\OpenMesh\OpenMeshWrapper.cpp">
      <Filter>algorithm\openmesh</Filter>
    </ClCompile>
    <ClCompile Include="algorithm\OpenMesh\triangle.c">
      <Filter>algorithm\openmesh</Filter>
    </ClCompile>
    <ClCompile Include="algorithm\Shader\glsl.cpp">
      <Filter>algorithm\shader</Filter>
    </ClCompile>
    <ClCompile Include="algorithm\Shader\glslprogram.cpp">
      <Filter>algorithm\shader</Filter>
    </ClCompile>
    <ClCompile Include="algorithm\Shader\ShaderManager.cpp">
      <Filter>algorithm\shader</Filter>
    </ClCompile>
    <ClCompile Include="SvgViewer.cpp">
      <Filter>Source Files</Filter>
    </ClCompile>
    <ClCompile Include="GeneratedFiles\Debug\moc_SvgViewer.cpp">
      <Filter>Generated Files\Debug</Filter>
    </ClCompile>
    <ClCompile Include="GeneratedFiles\Release\moc_SvgViewer.cpp">
      <Filter>Generated Files\Release</Filter>
    </ClCompile>
    <ClCompile Include="algorithm\svgpp\nvprsvg\ActiveControlPoint.cpp">
      <Filter>algorithm\svgpp\nvprsvg</Filter>
    </ClCompile>
    <ClCompile Include="algorithm\svgpp\nvprsvg\color_names.cpp">
      <Filter>algorithm\svgpp\nvprsvg</Filter>
    </ClCompile>
    <ClCompile Include="algorithm\svgpp\nvprsvg\freetype2_loader.cpp">
      <Filter>algorithm\svgpp\nvprsvg</Filter>
    </ClCompile>
    <ClCompile Include="algorithm\svgpp\nvprsvg\glmatrix.cpp">
      <Filter>algorithm\svgpp\nvprsvg</Filter>
    </ClCompile>
    <ClCompile Include="algorithm\svgpp\nvprsvg\path.cpp">
      <Filter>algorithm\svgpp\nvprsvg</Filter>
    </ClCompile>
    <ClCompile Include="algorithm\svgpp\nvprsvg\path_data.cpp">
      <Filter>algorithm\svgpp\nvprsvg</Filter>
    </ClCompile>
    <ClCompile Include="algorithm\svgpp\nvprsvg\path_parse_svg.cpp">
      <Filter>algorithm\svgpp\nvprsvg</Filter>
    </ClCompile>
    <ClCompile Include="algorithm\svgpp\nvprsvg\path_process.cpp">
      <Filter>algorithm\svgpp\nvprsvg</Filter>
    </ClCompile>
    <ClCompile Include="algorithm\svgpp\nvprsvg\renderer.cpp">
      <Filter>algorithm\svgpp\nvprsvg</Filter>
    </ClCompile>
    <ClCompile Include="algorithm\svgpp\nvprsvg\scene.cpp">
      <Filter>algorithm\svgpp\nvprsvg</Filter>
    </ClCompile>
    <ClCompile Include="algorithm\svgpp\nvprsvg\sRGB_vector.cpp">
      <Filter>algorithm\svgpp\nvprsvg</Filter>
    </ClCompile>
    <ClCompile Include="algorithm\svgpp\nvprsvg\svg_files.cpp">
      <Filter>algorithm\svgpp\nvprsvg</Filter>
    </ClCompile>
    <ClCompile Include="algorithm\svgpp\nvprsvg\svg_loader.cpp">
      <Filter>algorithm\svgpp\nvprsvg</Filter>
    </ClCompile>
    <ClCompile Include="algorithm\tinyxml\tinystr.cpp">
      <Filter>algorithm\tinyxml</Filter>
    </ClCompile>
    <ClCompile Include="algorithm\tinyxml\tinyxml.cpp">
      <Filter>algorithm\tinyxml</Filter>
    </ClCompile>
    <ClCompile Include="algorithm\tinyxml\tinyxmlerror.cpp">
      <Filter>algorithm\tinyxml</Filter>
    </ClCompile>
    <ClCompile Include="algorithm\tinyxml\tinyxmlparser.cpp">
      <Filter>algorithm\tinyxml</Filter>
    </ClCompile>
    <ClCompile Include="algorithm\svgpp\nvprsvg\common\dsa_emulate.c">
      <Filter>algorithm\svgpp\nvprsvg\common</Filter>
    </ClCompile>
    <ClCompile Include="algorithm\svgpp\nvprsvg\common\mjkimage.c">
      <Filter>algorithm\svgpp\nvprsvg\common</Filter>
    </ClCompile>
    <ClCompile Include="algorithm\svgpp\nvprsvg\common\request_vsync.c">
      <Filter>algorithm\svgpp\nvprsvg\common</Filter>
    </ClCompile>
    <ClCompile Include="algorithm\svgpp\nvprsvg\common\showfps.c">
      <Filter>algorithm\svgpp\nvprsvg\common</Filter>
    </ClCompile>
    <ClCompile Include="algorithm\svgpp\nvprsvg\common\sRGB_math.c">
      <Filter>algorithm\svgpp\nvprsvg\common</Filter>
    </ClCompile>
    <ClCompile Include="algorithm\svgpp\nvprsvg\common\trackball.c">
      <Filter>algorithm\svgpp\nvprsvg\common</Filter>
    </ClCompile>
    <ClCompile Include="algorithm\svgpp\nvprsvg\common\xform.c">
      <Filter>algorithm\svgpp\nvprsvg\common</Filter>
    </ClCompile>
    <ClCompile Include="algorithm\svgpp\nvprsvg\common\xform_cpp.cpp">
      <Filter>algorithm\svgpp\nvprsvg\common</Filter>
    </ClCompile>
    <ClCompile Include="algorithm\svgpp\nvprsvg\stb\stb_image.c">
      <Filter>algorithm\svgpp\nvprsvg\stb</Filter>
    </ClCompile>
    <ClCompile Include="algorithm\svgpp\nvprsvg\stc\renderer_stc.cpp">
      <Filter>algorithm\svgpp\nvprsvg\stc</Filter>
    </ClCompile>
    <ClCompile Include="algorithm\svgpp\nvprsvg\stc\scene_stc.cpp">
      <Filter>algorithm\svgpp\nvprsvg\stc</Filter>
    </ClCompile>
    <ClCompile Include="algorithm\svgpp\nvprsvg\nvpr\renderer_nvpr.cpp">
      <Filter>algorithm\svgpp\nvprsvg\nvpr</Filter>
    </ClCompile>
    <ClCompile Include="algorithm\svgpp\nvprsvg\nvpr\renderer_nvpr_path.cpp">
      <Filter>algorithm\svgpp\nvprsvg\nvpr</Filter>
    </ClCompile>
    <ClCompile Include="algorithm\svgpp\nvprsvg\nvpr\renderer_nvpr_shader.cpp">
      <Filter>algorithm\svgpp\nvprsvg\nvpr</Filter>
    </ClCompile>
    <ClCompile Include="algorithm\svgpp\nvprsvg\cg4cpp\src\abs.cpp">
      <Filter>algorithm\svgpp\nvprsvg\cg</Filter>
    </ClCompile>
    <ClCompile Include="algorithm\svgpp\nvprsvg\cg4cpp\src\acos.cpp">
      <Filter>algorithm\svgpp\nvprsvg\cg</Filter>
    </ClCompile>
    <ClCompile Include="algorithm\svgpp\nvprsvg\cg4cpp\src\all.cpp">
      <Filter>algorithm\svgpp\nvprsvg\cg</Filter>
    </ClCompile>
    <ClCompile Include="algorithm\svgpp\nvprsvg\cg4cpp\src\any.cpp">
      <Filter>algorithm\svgpp\nvprsvg\cg</Filter>
    </ClCompile>
    <ClCompile Include="algorithm\svgpp\nvprsvg\cg4cpp\src\asin.cpp">
      <Filter>algorithm\svgpp\nvprsvg\cg</Filter>
    </ClCompile>
    <ClCompile Include="algorithm\svgpp\nvprsvg\cg4cpp\src\atan.cpp">
      <Filter>algorithm\svgpp\nvprsvg\cg</Filter>
    </ClCompile>
    <ClCompile Include="algorithm\svgpp\nvprsvg\cg4cpp\src\atan2.cpp">
      <Filter>algorithm\svgpp\nvprsvg\cg</Filter>
    </ClCompile>
    <ClCompile Include="algorithm\svgpp\nvprsvg\cg4cpp\src\ceil.cpp">
      <Filter>algorithm\svgpp\nvprsvg\cg</Filter>
    </ClCompile>
    <ClCompile Include="algorithm\svgpp\nvprsvg\cg4cpp\src\clamp.cpp">
      <Filter>algorithm\svgpp\nvprsvg\cg</Filter>
    </ClCompile>
    <ClCompile Include="algorithm\svgpp\nvprsvg\cg4cpp\src\cos.cpp">
      <Filter>algorithm\svgpp\nvprsvg\cg</Filter>
    </ClCompile>
    <ClCompile Include="algorithm\svgpp\nvprsvg\cg4cpp\src\cosh.cpp">
      <Filter>algorithm\svgpp\nvprsvg\cg</Filter>
    </ClCompile>
    <ClCompile Include="algorithm\svgpp\nvprsvg\cg4cpp\src\cross.cpp">
      <Filter>algorithm\svgpp\nvprsvg\cg</Filter>
    </ClCompile>
    <ClCompile Include="algorithm\svgpp\nvprsvg\cg4cpp\src\degrees.cpp">
      <Filter>algorithm\svgpp\nvprsvg\cg</Filter>
    </ClCompile>
    <ClCompile Include="algorithm\svgpp\nvprsvg\cg4cpp\src\determinant.cpp">
      <Filter>algorithm\svgpp\nvprsvg\cg</Filter>
    </ClCompile>
    <ClCompile Include="algorithm\svgpp\nvprsvg\cg4cpp\src\distance.cpp">
      <Filter>algorithm\svgpp\nvprsvg\cg</Filter>
    </ClCompile>
    <ClCompile Include="algorithm\svgpp\nvprsvg\cg4cpp\src\dot.cpp">
      <Filter>algorithm\svgpp\nvprsvg\cg</Filter>
    </ClCompile>
    <ClCompile Include="algorithm\svgpp\nvprsvg\cg4cpp\src\exp.cpp">
      <Filter>algorithm\svgpp\nvprsvg\cg</Filter>
    </ClCompile>
    <ClCompile Include="algorithm\svgpp\nvprsvg\cg4cpp\src\exp2.cpp">
      <Filter>algorithm\svgpp\nvprsvg\cg</Filter>
    </ClCompile>
    <ClCompile Include="algorithm\svgpp\nvprsvg\cg4cpp\src\faceforward.cpp">
      <Filter>algorithm\svgpp\nvprsvg\cg</Filter>
    </ClCompile>
    <ClCompile Include="algorithm\svgpp\nvprsvg\cg4cpp\src\floatToIntBits.cpp">
      <Filter>algorithm\svgpp\nvprsvg\cg</Filter>
    </ClCompile>
    <ClCompile Include="algorithm\svgpp\nvprsvg\cg4cpp\src\floatToRawIntBits.cpp">
      <Filter>algorithm\svgpp\nvprsvg\cg</Filter>
    </ClCompile>
    <ClCompile Include="algorithm\svgpp\nvprsvg\cg4cpp\src\floor.cpp">
      <Filter>algorithm\svgpp\nvprsvg\cg</Filter>
    </ClCompile>
    <ClCompile Include="algorithm\svgpp\nvprsvg\cg4cpp\src\fmod.cpp">
      <Filter>algorithm\svgpp\nvprsvg\cg</Filter>
    </ClCompile>
    <ClCompile Include="algorithm\svgpp\nvprsvg\cg4cpp\src\frac.cpp">
      <Filter>algorithm\svgpp\nvprsvg\cg</Filter>
    </ClCompile>
    <ClCompile Include="algorithm\svgpp\nvprsvg\cg4cpp\src\fresnel.cpp">
      <Filter>algorithm\svgpp\nvprsvg\cg</Filter>
    </ClCompile>
    <ClCompile Include="algorithm\svgpp\nvprsvg\cg4cpp\src\frexp.cpp">
      <Filter>algorithm\svgpp\nvprsvg\cg</Filter>
    </ClCompile>
    <ClCompile Include="algorithm\svgpp\nvprsvg\cg4cpp\src\intBitsToFloat.cpp">
      <Filter>algorithm\svgpp\nvprsvg\cg</Filter>
    </ClCompile>
    <ClCompile Include="algorithm\svgpp\nvprsvg\cg4cpp\src\inverse.cpp">
      <Filter>algorithm\svgpp\nvprsvg\cg</Filter>
    </ClCompile>
    <ClCompile Include="algorithm\svgpp\nvprsvg\cg4cpp\src\iostream.cpp">
      <Filter>algorithm\svgpp\nvprsvg\cg</Filter>
    </ClCompile>
    <ClCompile Include="algorithm\svgpp\nvprsvg\cg4cpp\src\isfinite.cpp">
      <Filter>algorithm\svgpp\nvprsvg\cg</Filter>
    </ClCompile>
    <ClCompile Include="algorithm\svgpp\nvprsvg\cg4cpp\src\isinf.cpp">
      <Filter>algorithm\svgpp\nvprsvg\cg</Filter>
    </ClCompile>
    <ClCompile Include="algorithm\svgpp\nvprsvg\cg4cpp\src\isnan.cpp">
      <Filter>algorithm\svgpp\nvprsvg\cg</Filter>
    </ClCompile>
    <ClCompile Include="algorithm\svgpp\nvprsvg\cg4cpp\src\ldexp.cpp">
      <Filter>algorithm\svgpp\nvprsvg\cg</Filter>
    </ClCompile>
    <ClCompile Include="algorithm\svgpp\nvprsvg\cg4cpp\src\length.cpp">
      <Filter>algorithm\svgpp\nvprsvg\cg</Filter>
    </ClCompile>
    <ClCompile Include="algorithm\svgpp\nvprsvg\cg4cpp\src\lerp.cpp">
      <Filter>algorithm\svgpp\nvprsvg\cg</Filter>
    </ClCompile>
    <ClCompile Include="algorithm\svgpp\nvprsvg\cg4cpp\src\lit.cpp">
      <Filter>algorithm\svgpp\nvprsvg\cg</Filter>
    </ClCompile>
    <ClCompile Include="algorithm\svgpp\nvprsvg\cg4cpp\src\log.cpp">
      <Filter>algorithm\svgpp\nvprsvg\cg</Filter>
    </ClCompile>
    <ClCompile Include="algorithm\svgpp\nvprsvg\cg4cpp\src\log2.cpp">
      <Filter>algorithm\svgpp\nvprsvg\cg</Filter>
    </ClCompile>
    <ClCompile Include="algorithm\svgpp\nvprsvg\cg4cpp\src\log10.cpp">
      <Filter>algorithm\svgpp\nvprsvg\cg</Filter>
    </ClCompile>
    <ClCompile Include="algorithm\svgpp\nvprsvg\cg4cpp\src\max.cpp">
      <Filter>algorithm\svgpp\nvprsvg\cg</Filter>
    </ClCompile>
    <ClCompile Include="algorithm\svgpp\nvprsvg\cg4cpp\src\min.cpp">
      <Filter>algorithm\svgpp\nvprsvg\cg</Filter>
    </ClCompile>
    <ClCompile Include="algorithm\svgpp\nvprsvg\cg4cpp\src\modf.cpp">
      <Filter>algorithm\svgpp\nvprsvg\cg</Filter>
    </ClCompile>
    <ClCompile Include="algorithm\svgpp\nvprsvg\cg4cpp\src\mul.cpp">
      <Filter>algorithm\svgpp\nvprsvg\cg</Filter>
    </ClCompile>
    <ClCompile Include="algorithm\svgpp\nvprsvg\cg4cpp\src\normalize.cpp">
      <Filter>algorithm\svgpp\nvprsvg\cg</Filter>
    </ClCompile>
    <ClCompile Include="algorithm\svgpp\nvprsvg\cg4cpp\src\pow.cpp">
      <Filter>algorithm\svgpp\nvprsvg\cg</Filter>
    </ClCompile>
    <ClCompile Include="algorithm\svgpp\nvprsvg\cg4cpp\src\radians.cpp">
      <Filter>algorithm\svgpp\nvprsvg\cg</Filter>
    </ClCompile>
    <ClCompile Include="algorithm\svgpp\nvprsvg\cg4cpp\src\reflect.cpp">
      <Filter>algorithm\svgpp\nvprsvg\cg</Filter>
    </ClCompile>
    <ClCompile Include="algorithm\svgpp\nvprsvg\cg4cpp\src\refract.cpp">
      <Filter>algorithm\svgpp\nvprsvg\cg</Filter>
    </ClCompile>
    <ClCompile Include="algorithm\svgpp\nvprsvg\cg4cpp\src\round.cpp">
      <Filter>algorithm\svgpp\nvprsvg\cg</Filter>
    </ClCompile>
    <ClCompile Include="algorithm\svgpp\nvprsvg\cg4cpp\src\rsqrt.cpp">
      <Filter>algorithm\svgpp\nvprsvg\cg</Filter>
    </ClCompile>
    <ClCompile Include="algorithm\svgpp\nvprsvg\cg4cpp\src\sampler_gl.cpp">
      <Filter>algorithm\svgpp\nvprsvg\cg</Filter>
    </ClCompile>
    <ClCompile Include="algorithm\svgpp\nvprsvg\cg4cpp\src\sampler_state.cpp">
      <Filter>algorithm\svgpp\nvprsvg\cg</Filter>
    </ClCompile>
    <ClCompile Include="algorithm\svgpp\nvprsvg\cg4cpp\src\sampler1D.cpp">
      <Filter>algorithm\svgpp\nvprsvg\cg</Filter>
    </ClCompile>
    <ClCompile Include="algorithm\svgpp\nvprsvg\cg4cpp\src\sampler1DARRAY.cpp">
      <Filter>algorithm\svgpp\nvprsvg\cg</Filter>
    </ClCompile>
    <ClCompile Include="algorithm\svgpp\nvprsvg\cg4cpp\src\sampler2D.cpp">
      <Filter>algorithm\svgpp\nvprsvg\cg</Filter>
    </ClCompile>
    <ClCompile Include="algorithm\svgpp\nvprsvg\cg4cpp\src\sampler2DARRAY.cpp">
      <Filter>algorithm\svgpp\nvprsvg\cg</Filter>
    </ClCompile>
    <ClCompile Include="algorithm\svgpp\nvprsvg\cg4cpp\src\sampler3D.cpp">
      <Filter>algorithm\svgpp\nvprsvg\cg</Filter>
    </ClCompile>
    <ClCompile Include="algorithm\svgpp\nvprsvg\cg4cpp\src\samplerBUF.cpp">
      <Filter>algorithm\svgpp\nvprsvg\cg</Filter>
    </ClCompile>
    <ClCompile Include="algorithm\svgpp\nvprsvg\cg4cpp\src\samplerCUBE.cpp">
      <Filter>algorithm\svgpp\nvprsvg\cg</Filter>
    </ClCompile>
    <ClCompile Include="algorithm\svgpp\nvprsvg\cg4cpp\src\samplerRECT.cpp">
      <Filter>algorithm\svgpp\nvprsvg\cg</Filter>
    </ClCompile>
    <ClCompile Include="algorithm\svgpp\nvprsvg\cg4cpp\src\saturate.cpp">
      <Filter>algorithm\svgpp\nvprsvg\cg</Filter>
    </ClCompile>
    <ClCompile Include="algorithm\svgpp\nvprsvg\cg4cpp\src\sign.cpp">
      <Filter>algorithm\svgpp\nvprsvg\cg</Filter>
    </ClCompile>
    <ClCompile Include="algorithm\svgpp\nvprsvg\cg4cpp\src\sin.cpp">
      <Filter>algorithm\svgpp\nvprsvg\cg</Filter>
    </ClCompile>
    <ClCompile Include="algorithm\svgpp\nvprsvg\cg4cpp\src\sincos.cpp">
      <Filter>algorithm\svgpp\nvprsvg\cg</Filter>
    </ClCompile>
    <ClCompile Include="algorithm\svgpp\nvprsvg\cg4cpp\src\sinh.cpp">
      <Filter>algorithm\svgpp\nvprsvg\cg</Filter>
    </ClCompile>
    <ClCompile Include="algorithm\svgpp\nvprsvg\cg4cpp\src\smoothstep.cpp">
      <Filter>algorithm\svgpp\nvprsvg\cg</Filter>
    </ClCompile>
    <ClCompile Include="algorithm\svgpp\nvprsvg\cg4cpp\src\sqrt.cpp">
      <Filter>algorithm\svgpp\nvprsvg\cg</Filter>
    </ClCompile>
    <ClCompile Include="algorithm\svgpp\nvprsvg\cg4cpp\src\step.cpp">
      <Filter>algorithm\svgpp\nvprsvg\cg</Filter>
    </ClCompile>
    <ClCompile Include="algorithm\svgpp\nvprsvg\cg4cpp\src\tan.cpp">
      <Filter>algorithm\svgpp\nvprsvg\cg</Filter>
    </ClCompile>
    <ClCompile Include="algorithm\svgpp\nvprsvg\cg4cpp\src\tanh.cpp">
      <Filter>algorithm\svgpp\nvprsvg\cg</Filter>
    </ClCompile>
    <ClCompile Include="algorithm\svgpp\nvprsvg\cg4cpp\src\transpose.cpp">
      <Filter>algorithm\svgpp\nvprsvg\cg</Filter>
    </ClCompile>
    <ClCompile Include="algorithm\svgpp\nvprsvg\cg4cpp\src\trunc.cpp">
      <Filter>algorithm\svgpp\nvprsvg\cg</Filter>
    </ClCompile>
    <ClCompile Include="algorithm\svgpp\nvprsvg\cg4cpp\src\upper1x1.cpp">
      <Filter>algorithm\svgpp\nvprsvg\cg</Filter>
    </ClCompile>
    <ClCompile Include="algorithm\svgpp\nvprsvg\cg4cpp\src\upper1x2.cpp">
      <Filter>algorithm\svgpp\nvprsvg\cg</Filter>
    </ClCompile>
    <ClCompile Include="algorithm\svgpp\nvprsvg\cg4cpp\src\upper1x3.cpp">
      <Filter>algorithm\svgpp\nvprsvg\cg</Filter>
    </ClCompile>
    <ClCompile Include="algorithm\svgpp\nvprsvg\cg4cpp\src\upper1x4.cpp">
      <Filter>algorithm\svgpp\nvprsvg\cg</Filter>
    </ClCompile>
    <ClCompile Include="algorithm\svgpp\nvprsvg\cg4cpp\src\upper2x1.cpp">
      <Filter>algorithm\svgpp\nvprsvg\cg</Filter>
    </ClCompile>
    <ClCompile Include="algorithm\svgpp\nvprsvg\cg4cpp\src\upper2x2.cpp">
      <Filter>algorithm\svgpp\nvprsvg\cg</Filter>
    </ClCompile>
    <ClCompile Include="algorithm\svgpp\nvprsvg\cg4cpp\src\upper2x3.cpp">
      <Filter>algorithm\svgpp\nvprsvg\cg</Filter>
    </ClCompile>
    <ClCompile Include="algorithm\svgpp\nvprsvg\cg4cpp\src\upper2x4.cpp">
      <Filter>algorithm\svgpp\nvprsvg\cg</Filter>
    </ClCompile>
    <ClCompile Include="algorithm\svgpp\nvprsvg\cg4cpp\src\upper3x1.cpp">
      <Filter>algorithm\svgpp\nvprsvg\cg</Filter>
    </ClCompile>
    <ClCompile Include="algorithm\svgpp\nvprsvg\cg4cpp\src\upper3x2.cpp">
      <Filter>algorithm\svgpp\nvprsvg\cg</Filter>
    </ClCompile>
    <ClCompile Include="algorithm\svgpp\nvprsvg\cg4cpp\src\upper3x3.cpp">
      <Filter>algorithm\svgpp\nvprsvg\cg</Filter>
    </ClCompile>
    <ClCompile Include="algorithm\svgpp\nvprsvg\cg4cpp\src\upper3x4.cpp">
      <Filter>algorithm\svgpp\nvprsvg\cg</Filter>
    </ClCompile>
    <ClCompile Include="algorithm\svgpp\nvprsvg\cg4cpp\src\upper4x1.cpp">
      <Filter>algorithm\svgpp\nvprsvg\cg</Filter>
    </ClCompile>
    <ClCompile Include="algorithm\svgpp\nvprsvg\cg4cpp\src\upper4x2.cpp">
      <Filter>algorithm\svgpp\nvprsvg\cg</Filter>
    </ClCompile>
    <ClCompile Include="algorithm\svgpp\nvprsvg\cg4cpp\src\upper4x3.cpp">
      <Filter>algorithm\svgpp\nvprsvg\cg</Filter>
    </ClCompile>
    <ClCompile Include="algorithm\svgpp\nvprsvg\cg4cpp\src\upper4x4.cpp">
      <Filter>algorithm\svgpp\nvprsvg\cg</Filter>
    </ClCompile>
    <ClCompile Include="algorithm\svgpp\SvgManager.cpp">
      <Filter>algorithm\svgpp</Filter>
    </ClCompile>
    <ClCompile Include="algorithm\svgpp\SvgAbstractObject.cpp">
      <Filter>algorithm\svgpp</Filter>
    </ClCompile>
    <ClCompile Include="algorithm\svgpp\SvgAttribute.cpp">
      <Filter>algorithm\svgpp</Filter>
    </ClCompile>
    <ClCompile Include="algorithm\svgpp\SvgPath.cpp">
      <Filter>algorithm\svgpp</Filter>
    </ClCompile>
    <ClCompile Include="algorithm\svgpp\SvgText.cpp">
      <Filter>algorithm\svgpp</Filter>
    </ClCompile>
    <ClCompile Include="algorithm\svgpp\SvgGroup.cpp">
      <Filter>algorithm\svgpp</Filter>
    </ClCompile>
    <ClCompile Include="algorithm\svgpp\nvprsvg\common\render_font.cpp">
      <Filter>algorithm\svgpp\nvprsvg\common</Filter>
    </ClCompile>
    <ClCompile Include="event_handles\AbstractEventHandle.cpp">
      <Filter>event_handles</Filter>
    </ClCompile>
    <ClCompile Include="event_handles\ShapeEventHandle.cpp">
      <Filter>event_handles</Filter>
    </ClCompile>
    <ClCompile Include="event_handles\GroupEventHandle.cpp">
      <Filter>event_handles</Filter>
    </ClCompile>
    <ClCompile Include="event_handles\ZoomEventHandle.cpp">
      <Filter>event_handles</Filter>
    </ClCompile>
    <ClCompile Include="GeneratedFiles\qrc_style.cpp">
      <Filter>Generated Files</Filter>
    </ClCompile>
    <ClCompile Include="algorithm\svgpp\SvgPolyPath.cpp">
      <Filter>algorithm\svgpp</Filter>
    </ClCompile>
    <ClCompile Include="MeshWindow.cpp">
      <Filter>Source Files</Filter>
    </ClCompile>
    <ClCompile Include="GeneratedFiles\Debug\moc_MeshWindow.cpp">
      <Filter>Generated Files\Debug</Filter>
    </ClCompile>
    <ClCompile Include="GeneratedFiles\Release\moc_MeshWindow.cpp">
      <Filter>Generated Files\Release</Filter>
    </ClCompile>
    <ClCompile Include="event_handles\AbstractMeshEventHandle.cpp">
      <Filter>event_handles</Filter>
    </ClCompile>
    <ClCompile Include="algorithm\SC\analysis2d_cloth_static.cpp">
      <Filter>algorithm\SC</Filter>
    </ClCompile>
    <ClCompile Include="algorithm\SC\cloth_handler.cpp">
      <Filter>algorithm\SC</Filter>
    </ClCompile>
    <ClCompile Include="algorithm\SC\cloth_utility.cpp">
      <Filter>algorithm\SC</Filter>
    </ClCompile>
    <ClCompile Include="algorithm\SC\contact_target_adf.cpp">
      <Filter>algorithm\SC</Filter>
    </ClCompile>
    <ClCompile Include="algorithm\SC\contact_target_mesh.cpp">
      <Filter>algorithm\SC</Filter>
    </ClCompile>
    <ClCompile Include="algorithm\SC\designer2d_cloth.cpp">
      <Filter>algorithm\SC</Filter>
    </ClCompile>
    <ClCompile Include="algorithm\SC\emat_cst.cpp">
      <Filter>algorithm\SC</Filter>
    </ClCompile>
    <ClCompile Include="algorithm\SC\emat_glue.cpp">
      <Filter>algorithm\SC</Filter>
    </ClCompile>
    <ClCompile Include="algorithm\SC\emat_quad_bend.cpp">
      <Filter>algorithm\SC</Filter>
    </ClCompile>
    <ClCompile Include="algorithm\SC\eqn_contact3d.cpp">
      <Filter>algorithm\SC</Filter>
    </ClCompile>
    <ClCompile Include="algorithm\SC\eqn_glue.cpp">
      <Filter>algorithm\SC</Filter>
    </ClCompile>
    <ClCompile Include="algorithm\SC\eqn_quad_bend.cpp">
      <Filter>algorithm\SC</Filter>
    </ClCompile>
    <ClCompile Include="algorithm\SC\stitch_array.cpp">
      <Filter>algorithm\SC</Filter>
    </ClCompile>
    <ClCompile Include="algorithm\SC\DelFEM\src\cad\brep.cpp">
      <Filter>algorithm\SC\DelFEM\cad</Filter>
    </ClCompile>
    <ClCompile Include="algorithm\SC\DelFEM\src\cad\brep2d.cpp">
      <Filter>algorithm\SC\DelFEM\cad</Filter>
    </ClCompile>
    <ClCompile Include="algorithm\SC\DelFEM\src\cad\cad_edge2d_polyline.cpp">
      <Filter>algorithm\SC\DelFEM\cad</Filter>
    </ClCompile>
    <ClCompile Include="algorithm\SC\DelFEM\src\cad\cad_elem2d.cpp">
      <Filter>algorithm\SC\DelFEM\cad</Filter>
    </ClCompile>
    <ClCompile Include="algorithm\SC\DelFEM\src\cad\cad_elem3d.cpp">
      <Filter>algorithm\SC\DelFEM\cad</Filter>
    </ClCompile>
    <ClCompile Include="algorithm\SC\DelFEM\src\cad\cad_obj2d.cpp">
      <Filter>algorithm\SC\DelFEM\cad</Filter>
    </ClCompile>
    <ClCompile Include="algorithm\SC\DelFEM\src\cad\cad_obj2d_move.cpp">
      <Filter>algorithm\SC\DelFEM\cad</Filter>
    </ClCompile>
    <ClCompile Include="algorithm\SC\DelFEM\src\cad\cad_obj3d.cpp">
      <Filter>algorithm\SC\DelFEM\cad</Filter>
    </ClCompile>
    <ClCompile Include="algorithm\SC\DelFEM\src\cad\contact_target_cad3d.cpp">
      <Filter>algorithm\SC\DelFEM\cad</Filter>
    </ClCompile>
    <ClCompile Include="algorithm\SC\DelFEM\src\cad\drawer_cad.cpp">
      <Filter>algorithm\SC\DelFEM\cad</Filter>
    </ClCompile>
    <ClCompile Include="algorithm\SC\DelFEM\src\cad\drawer_cad3d.cpp">
      <Filter>algorithm\SC\DelFEM\cad</Filter>
    </ClCompile>
    <ClCompile Include="algorithm\SC\DelFEM\src\cad\truss2d.cpp">
      <Filter>algorithm\SC\DelFEM\cad</Filter>
    </ClCompile>
    <ClCompile Include="algorithm\SC\DelFEM\src\femeqn\eqn_advection_diffusion.cpp">
      <Filter>algorithm\SC\DelFEM\femeqn</Filter>
    </ClCompile>
    <ClCompile Include="algorithm\SC\DelFEM\src\femeqn\eqn_diffusion.cpp">
      <Filter>algorithm\SC\DelFEM\femeqn</Filter>
    </ClCompile>
    <ClCompile Include="algorithm\SC\DelFEM\src\femeqn\eqn_dkt.cpp">
      <Filter>algorithm\SC\DelFEM\femeqn</Filter>
    </ClCompile>
    <ClCompile Include="algorithm\SC\DelFEM\src\femeqn\eqn_helmholtz.cpp">
      <Filter>algorithm\SC\DelFEM\femeqn</Filter>
    </ClCompile>
    <ClCompile Include="algorithm\SC\DelFEM\src\femeqn\eqn_hyper.cpp">
      <Filter>algorithm\SC\DelFEM\femeqn</Filter>
    </ClCompile>
    <ClCompile Include="algorithm\SC\DelFEM\src\femeqn\eqn_linear_solid2d.cpp">
      <Filter>algorithm\SC\DelFEM\femeqn</Filter>
    </ClCompile>
    <ClCompile Include="algorithm\SC\DelFEM\src\femeqn\eqn_linear_solid3d.cpp">
      <Filter>algorithm\SC\DelFEM\femeqn</Filter>
    </ClCompile>
    <ClCompile Include="algorithm\SC\DelFEM\src\femeqn\eqn_navier_stokes.cpp">
      <Filter>algorithm\SC\DelFEM\femeqn</Filter>
    </ClCompile>
    <ClCompile Include="algorithm\SC\DelFEM\src\femeqn\eqn_poisson.cpp">
      <Filter>algorithm\SC\DelFEM\femeqn</Filter>
    </ClCompile>
    <ClCompile Include="algorithm\SC\DelFEM\src\femeqn\eqn_st_venant.cpp">
      <Filter>algorithm\SC\DelFEM\femeqn</Filter>
    </ClCompile>
    <ClCompile Include="algorithm\SC\DelFEM\src\femeqn\eqn_stokes.cpp">
      <Filter>algorithm\SC\DelFEM\femeqn</Filter>
    </ClCompile>
    <ClCompile Include="algorithm\SC\DelFEM\src\femeqn\eqnsys.cpp">
      <Filter>algorithm\SC\DelFEM\femeqn</Filter>
    </ClCompile>
    <ClCompile Include="algorithm\SC\DelFEM\src\femeqn\eqnsys_fluid.cpp">
      <Filter>algorithm\SC\DelFEM\femeqn</Filter>
    </ClCompile>
    <ClCompile Include="algorithm\SC\DelFEM\src\femeqn\eqnsys_scalar.cpp">
      <Filter>algorithm\SC\DelFEM\femeqn</Filter>
    </ClCompile>
    <ClCompile Include="algorithm\SC\DelFEM\src\femeqn\eqnsys_shell.cpp">
      <Filter>algorithm\SC\DelFEM\femeqn</Filter>
    </ClCompile>
    <ClCompile Include="algorithm\SC\DelFEM\src\femeqn\eqnsys_solid.cpp">
      <Filter>algorithm\SC\DelFEM\femeqn</Filter>
    </ClCompile>
    <ClCompile Include="algorithm\SC\DelFEM\src\femeqn\ker_emat_tri.cpp">
      <Filter>algorithm\SC\DelFEM\femeqn</Filter>
    </ClCompile>
    <ClCompile Include="algorithm\SC\DelFEM\src\femls\linearsystem_field.cpp">
      <Filter>algorithm\SC\DelFEM\femls</Filter>
    </ClCompile>
    <ClCompile Include="algorithm\SC\DelFEM\src\femls\linearsystem_fieldsave.cpp">
      <Filter>algorithm\SC\DelFEM\femls</Filter>
    </ClCompile>
    <ClCompile Include="algorithm\SC\DelFEM\src\femls\zlinearsystem.cpp">
      <Filter>algorithm\SC\DelFEM\femls</Filter>
    </ClCompile>
    <ClCompile Include="algorithm\SC\DelFEM\src\femls\zsolver_ls_iter.cpp">
      <Filter>algorithm\SC\DelFEM\femls</Filter>
    </ClCompile>
    <ClCompile Include="algorithm\SC\DelFEM\src\ls\eigen_lanczos.cpp">
      <Filter>algorithm\SC\DelFEM\ls</Filter>
    </ClCompile>
    <ClCompile Include="algorithm\SC\DelFEM\src\ls\linearsystem.cpp">
      <Filter>algorithm\SC\DelFEM\ls</Filter>
    </ClCompile>
    <ClCompile Include="algorithm\SC\DelFEM\src\ls\preconditioner.cpp">
      <Filter>algorithm\SC\DelFEM\ls</Filter>
    </ClCompile>
    <ClCompile Include="algorithm\SC\DelFEM\src\ls\solver_ls_iter.cpp">
      <Filter>algorithm\SC\DelFEM\ls</Filter>
    </ClCompile>
    <ClCompile Include="algorithm\SC\DelFEM\src\matvec\mat_blkcrs.cpp">
      <Filter>algorithm\SC\DelFEM\matvec</Filter>
    </ClCompile>
    <ClCompile Include="algorithm\SC\DelFEM\src\matvec\matdia_blkcrs.cpp">
      <Filter>algorithm\SC\DelFEM\matvec</Filter>
    </ClCompile>
    <ClCompile Include="algorithm\SC\DelFEM\src\matvec\matdiafrac_blkcrs.cpp">
      <Filter>algorithm\SC\DelFEM\matvec</Filter>
    </ClCompile>
    <ClCompile Include="algorithm\SC\DelFEM\src\matvec\matdiainv_blkdia.cpp">
      <Filter>algorithm\SC\DelFEM\matvec</Filter>
    </ClCompile>
    <ClCompile Include="algorithm\SC\DelFEM\src\matvec\matfrac_blkcrs.cpp">
      <Filter>algorithm\SC\DelFEM\matvec</Filter>
    </ClCompile>
    <ClCompile Include="algorithm\SC\DelFEM\src\matvec\matprolong_blkcrs.cpp">
      <Filter>algorithm\SC\DelFEM\matvec</Filter>
    </ClCompile>
    <ClCompile Include="algorithm\SC\DelFEM\src\matvec\ordering_blk.cpp">
      <Filter>algorithm\SC\DelFEM\matvec</Filter>
    </ClCompile>
    <ClCompile Include="algorithm\SC\DelFEM\src\matvec\solver_mat_iter.cpp">
      <Filter>algorithm\SC\DelFEM\matvec</Filter>
    </ClCompile>
    <ClCompile Include="algorithm\SC\DelFEM\src\matvec\solver_mg.cpp">
      <Filter>algorithm\SC\DelFEM\matvec</Filter>
    </ClCompile>
    <ClCompile Include="algorithm\SC\DelFEM\src\matvec\vector_blk.cpp">
      <Filter>algorithm\SC\DelFEM\matvec</Filter>
    </ClCompile>
    <ClCompile Include="algorithm\SC\DelFEM\src\matvec\zmat_blkcrs.cpp">
      <Filter>algorithm\SC\DelFEM\matvec</Filter>
    </ClCompile>
    <ClCompile Include="algorithm\SC\DelFEM\src\matvec\zmatdia_blkcrs.cpp">
      <Filter>algorithm\SC\DelFEM\matvec</Filter>
    </ClCompile>
    <ClCompile Include="algorithm\SC\DelFEM\src\matvec\zmatdiafrac_blkcrs.cpp">
      <Filter>algorithm\SC\DelFEM\matvec</Filter>
    </ClCompile>
    <ClCompile Include="algorithm\SC\DelFEM\src\matvec\zsolver_mat_iter.cpp">
      <Filter>algorithm\SC\DelFEM\matvec</Filter>
    </ClCompile>
    <ClCompile Include="algorithm\SC\DelFEM\src\matvec\zvector_blk.cpp">
      <Filter>algorithm\SC\DelFEM\matvec</Filter>
    </ClCompile>
    <ClCompile Include="algorithm\SC\DelFEM\src\msh\drawer_msh.cpp">
      <Filter>algorithm\SC\DelFEM\msh</Filter>
    </ClCompile>
    <ClCompile Include="algorithm\SC\DelFEM\src\msh\mesh3d.cpp">
      <Filter>algorithm\SC\DelFEM\msh</Filter>
    </ClCompile>
    <ClCompile Include="algorithm\SC\DelFEM\src\msh\mesh3d_extrude.cpp">
      <Filter>algorithm\SC\DelFEM\msh</Filter>
    </ClCompile>
    <ClCompile Include="algorithm\SC\DelFEM\src\msh\mesher2d.cpp">
      <Filter>algorithm\SC\DelFEM\msh</Filter>
    </ClCompile>
    <ClCompile Include="algorithm\SC\DelFEM\src\msh\mesher2d_edit.cpp">
      <Filter>algorithm\SC\DelFEM\msh</Filter>
    </ClCompile>
    <ClCompile Include="algorithm\SC\DelFEM\src\msh\mesher3d.cpp">
      <Filter>algorithm\SC\DelFEM\msh</Filter>
    </ClCompile>
    <ClCompile Include="algorithm\SC\DelFEM\src\msh\meshkernel2d.cpp">
      <Filter>algorithm\SC\DelFEM\msh</Filter>
    </ClCompile>
    <ClCompile Include="algorithm\SC\DelFEM\src\msh\meshkernel3d.cpp">
      <Filter>algorithm\SC\DelFEM\msh</Filter>
    </ClCompile>
    <ClCompile Include="algorithm\SC\DelFEM\src\msh\surface_mesh_reader.cpp">
      <Filter>algorithm\SC\DelFEM\msh</Filter>
    </ClCompile>
    <ClCompile Include="algorithm\SC\DelFEM\src\rigid\linearsystem_rigid.cpp">
      <Filter>algorithm\SC\DelFEM\rigid</Filter>
    </ClCompile>
    <ClCompile Include="algorithm\SC\DelFEM\src\rigid\linearsystem_rigidfield.cpp">
      <Filter>algorithm\SC\DelFEM\rigid</Filter>
    </ClCompile>
    <ClCompile Include="algorithm\SC\DelFEM\src\rigid\rigidbody.cpp">
      <Filter>algorithm\SC\DelFEM\rigid</Filter>
    </ClCompile>
    <ClCompile Include="algorithm\SC\DelFEM\src\femfield\drawer_field.cpp">
      <Filter>algorithm\SC\DelFEM\femfield</Filter>
    </ClCompile>
    <ClCompile Include="algorithm\SC\DelFEM\src\femfield\drawer_field_edge.cpp">
      <Filter>algorithm\SC\DelFEM\femfield</Filter>
    </ClCompile>
    <ClCompile Include="algorithm\SC\DelFEM\src\femfield\drawer_field_face.cpp">
      <Filter>algorithm\SC\DelFEM\femfield</Filter>
    </ClCompile>
    <ClCompile Include="algorithm\SC\DelFEM\src\femfield\drawer_field_image_based_flow_vis.cpp">
      <Filter>algorithm\SC\DelFEM\femfield</Filter>
    </ClCompile>
    <ClCompile Include="algorithm\SC\DelFEM\src\femfield\drawer_field_streamline.cpp">
      <Filter>algorithm\SC\DelFEM\femfield</Filter>
    </ClCompile>
    <ClCompile Include="algorithm\SC\DelFEM\src\femfield\drawer_field_vector.cpp">
      <Filter>algorithm\SC\DelFEM\femfield</Filter>
    </ClCompile>
    <ClCompile Include="algorithm\SC\DelFEM\src\femfield\elem_ary.cpp">
      <Filter>algorithm\SC\DelFEM\femfield</Filter>
    </ClCompile>
    <ClCompile Include="algorithm\SC\DelFEM\src\femfield\eval.cpp">
      <Filter>algorithm\SC\DelFEM\femfield</Filter>
    </ClCompile>
    <ClCompile Include="algorithm\SC\DelFEM\src\femfield\field.cpp">
      <Filter>algorithm\SC\DelFEM\femfield</Filter>
    </ClCompile>
    <ClCompile Include="algorithm\SC\DelFEM\src\femfield\field_value_setter.cpp">
      <Filter>algorithm\SC\DelFEM\femfield</Filter>
    </ClCompile>
    <ClCompile Include="algorithm\SC\DelFEM\src\femfield\field_world.cpp">
      <Filter>algorithm\SC\DelFEM\femfield</Filter>
    </ClCompile>
    <ClCompile Include="algorithm\SC\DelFEM\src\femfield\node_ary.cpp">
      <Filter>algorithm\SC\DelFEM\femfield</Filter>
    </ClCompile>
    <ClCompile Include="algorithm\SC\DelFEM\src\com\drawer.cpp">
      <Filter>algorithm\SC\DelFEM\com</Filter>
    </ClCompile>
    <ClCompile Include="algorithm\SC\DelFEM\src\com\drawer_gl_utility.cpp">
      <Filter>algorithm\SC\DelFEM\com</Filter>
    </ClCompile>
    <ClCompile Include="algorithm\SC\DelFEM\src\com\quaternion.cpp">
      <Filter>algorithm\SC\DelFEM\com</Filter>
    </ClCompile>
    <ClCompile Include="algorithm\SC\DelFEM\src\com\spatial_hash_grid2d.cpp">
      <Filter>algorithm\SC\DelFEM\com</Filter>
    </ClCompile>
    <ClCompile Include="algorithm\SC\DelFEM\src\com\spatial_hash_grid3d.cpp">
      <Filter>algorithm\SC\DelFEM\com</Filter>
    </ClCompile>
    <ClCompile Include="algorithm\SC\DelFEM\src\com\tri_ary_topology.cpp">
      <Filter>algorithm\SC\DelFEM\com</Filter>
    </ClCompile>
    <ClCompile Include="algorithm\SC\DelFEM\src\com\uglyfont.cpp">
      <Filter>algorithm\SC\DelFEM\com</Filter>
    </ClCompile>
    <ClCompile Include="algorithm\SC\DelFEM\src\com\vector3d.cpp">
      <Filter>algorithm\SC\DelFEM\com</Filter>
    </ClCompile>
    <ClCompile Include="event_handles\ClothSelectEventHandle.cpp">
      <Filter>event_handles</Filter>
    </ClCompile>
    <ClCompile Include="event_handles\ClothRotateEventHandle.cpp">
      <Filter>event_handles</Filter>
    </ClCompile>
    <ClCompile Include="event_handles\ClothTranslateEventHandle.cpp">
      <Filter>event_handles</Filter>
    </ClCompile>
    <ClCompile Include="event_handles\DeformEventHandle.cpp">
      <Filter>event_handles</Filter>
    </ClCompile>
    <ClCompile Include="algorithm\FreeFormDeform.cpp">
      <Filter>algorithm</Filter>
    </ClCompile>
    <ClCompile Include="algorithm\arcsim\adaptiveCloth\auglag.cpp">
      <Filter>algorithm\arcsim\adaptiveCloth</Filter>
    </ClCompile>
    <ClCompile Include="algorithm\arcsim\adaptiveCloth\bah.cpp">
      <Filter>algorithm\arcsim\adaptiveCloth</Filter>
    </ClCompile>
    <ClCompile Include="algorithm\arcsim\adaptiveCloth\bvh.cpp">
      <Filter>algorithm\arcsim\adaptiveCloth</Filter>
    </ClCompile>
    <ClCompile Include="algorithm\arcsim\adaptiveCloth\cloth.cpp">
      <Filter>algorithm\arcsim\adaptiveCloth</Filter>
    </ClCompile>
    <ClCompile Include="algorithm\arcsim\adaptiveCloth\collision.cpp">
      <Filter>algorithm\arcsim\adaptiveCloth</Filter>
    </ClCompile>
    <ClCompile Include="algorithm\arcsim\adaptiveCloth\collisionutil.cpp">
      <Filter>algorithm\arcsim\adaptiveCloth</Filter>
    </ClCompile>
    <ClCompile Include="algorithm\arcsim\adaptiveCloth\constraint.cpp">
      <Filter>algorithm\arcsim\adaptiveCloth</Filter>
    </ClCompile>
    <ClCompile Include="algorithm\arcsim\adaptiveCloth\dde.cpp">
      <Filter>algorithm\arcsim\adaptiveCloth</Filter>
    </ClCompile>
    <ClCompile Include="algorithm\arcsim\adaptiveCloth\dynamicremesh.cpp">
      <Filter>algorithm\arcsim\adaptiveCloth</Filter>
    </ClCompile>
    <ClCompile Include="algorithm\arcsim\adaptiveCloth\geometry.cpp">
      <Filter>algorithm\arcsim\adaptiveCloth</Filter>
    </ClCompile>
    <ClCompile Include="algorithm\arcsim\adaptiveCloth\handle.cpp">
      <Filter>algorithm\arcsim\adaptiveCloth</Filter>
    </ClCompile>
    <ClCompile Include="algorithm\arcsim\adaptiveCloth\io.cpp">
      <Filter>algorithm\arcsim\adaptiveCloth</Filter>
    </ClCompile>
    <ClCompile Include="algorithm\arcsim\adaptiveCloth\lbfgs.cpp">
      <Filter>algorithm\arcsim\adaptiveCloth</Filter>
    </ClCompile>
    <ClCompile Include="algorithm\arcsim\adaptiveCloth\lsnewton.cpp">
      <Filter>algorithm\arcsim\adaptiveCloth</Filter>
    </ClCompile>
    <ClCompile Include="algorithm\arcsim\adaptiveCloth\magic.cpp">
      <Filter>algorithm\arcsim\adaptiveCloth</Filter>
    </ClCompile>
    <ClCompile Include="algorithm\arcsim\adaptiveCloth\mesh.cpp">
      <Filter>algorithm\arcsim\adaptiveCloth</Filter>
    </ClCompile>
    <ClCompile Include="algorithm\arcsim\adaptiveCloth\misc.cpp">
      <Filter>algorithm\arcsim\adaptiveCloth</Filter>
    </ClCompile>
    <ClCompile Include="algorithm\arcsim\adaptiveCloth\morph.cpp">
      <Filter>algorithm\arcsim\adaptiveCloth</Filter>
    </ClCompile>
    <ClCompile Include="algorithm\arcsim\adaptiveCloth\mot_parser.cpp">
      <Filter>algorithm\arcsim\adaptiveCloth</Filter>
    </ClCompile>
    <ClCompile Include="algorithm\arcsim\adaptiveCloth\nearobs.cpp">
      <Filter>algorithm\arcsim\adaptiveCloth</Filter>
    </ClCompile>
    <ClCompile Include="algorithm\arcsim\adaptiveCloth\nlcg.cpp">
      <Filter>algorithm\arcsim\adaptiveCloth</Filter>
    </ClCompile>
    <ClCompile Include="algorithm\arcsim\adaptiveCloth\obstacle.cpp">
      <Filter>algorithm\arcsim\adaptiveCloth</Filter>
    </ClCompile>
    <ClCompile Include="algorithm\arcsim\adaptiveCloth\physics.cpp">
      <Filter>algorithm\arcsim\adaptiveCloth</Filter>
    </ClCompile>
    <ClCompile Include="algorithm\arcsim\adaptiveCloth\plasticity.cpp">
      <Filter>algorithm\arcsim\adaptiveCloth</Filter>
    </ClCompile>
    <ClCompile Include="algorithm\arcsim\adaptiveCloth\popfilter.cpp">
      <Filter>algorithm\arcsim\adaptiveCloth</Filter>
    </ClCompile>
    <ClCompile Include="algorithm\arcsim\adaptiveCloth\proximity.cpp">
      <Filter>algorithm\arcsim\adaptiveCloth</Filter>
    </ClCompile>
    <ClCompile Include="algorithm\arcsim\adaptiveCloth\remesh.cpp">
      <Filter>algorithm\arcsim\adaptiveCloth</Filter>
    </ClCompile>
    <ClCompile Include="algorithm\arcsim\adaptiveCloth\runphysics.cpp">
      <Filter>algorithm\arcsim\adaptiveCloth</Filter>
    </ClCompile>
    <ClCompile Include="algorithm\arcsim\adaptiveCloth\separate.cpp">
      <Filter>algorithm\arcsim\adaptiveCloth</Filter>
    </ClCompile>
    <ClCompile Include="algorithm\arcsim\adaptiveCloth\separateobs.cpp">
      <Filter>algorithm\arcsim\adaptiveCloth</Filter>
    </ClCompile>
    <ClCompile Include="algorithm\arcsim\adaptiveCloth\simulation.cpp">
      <Filter>algorithm\arcsim\adaptiveCloth</Filter>
    </ClCompile>
    <ClCompile Include="algorithm\arcsim\adaptiveCloth\spline.cpp">
      <Filter>algorithm\arcsim\adaptiveCloth</Filter>
    </ClCompile>
    <ClCompile Include="algorithm\arcsim\adaptiveCloth\strainlimiting.cpp">
      <Filter>algorithm\arcsim\adaptiveCloth</Filter>
    </ClCompile>
    <ClCompile Include="algorithm\arcsim\adaptiveCloth\taucs.cpp">
      <Filter>algorithm\arcsim\adaptiveCloth</Filter>
    </ClCompile>
    <ClCompile Include="algorithm\arcsim\adaptiveCloth\tensormax.cpp">
      <Filter>algorithm\arcsim\adaptiveCloth</Filter>
    </ClCompile>
    <ClCompile Include="algorithm\arcsim\adaptiveCloth\timer.cpp">
      <Filter>algorithm\arcsim\adaptiveCloth</Filter>
    </ClCompile>
    <ClCompile Include="algorithm\arcsim\adaptiveCloth\transformation.cpp">
      <Filter>algorithm\arcsim\adaptiveCloth</Filter>
    </ClCompile>
    <ClCompile Include="algorithm\arcsim\adaptiveCloth\trustregion.cpp">
      <Filter>algorithm\arcsim\adaptiveCloth</Filter>
    </ClCompile>
    <ClCompile Include="algorithm\arcsim\adaptiveCloth\util.cpp">
      <Filter>algorithm\arcsim\adaptiveCloth</Filter>
    </ClCompile>
    <ClCompile Include="algorithm\arcsim\adaptiveCloth\vectors.cpp">
      <Filter>algorithm\arcsim\adaptiveCloth</Filter>
    </ClCompile>
    <ClCompile Include="algorithm\arcsim\alglib\alglibinternal.cpp">
      <Filter>algorithm\arcsim\alglib</Filter>
    </ClCompile>
    <ClCompile Include="algorithm\arcsim\alglib\alglibmisc.cpp">
      <Filter>algorithm\arcsim\alglib</Filter>
    </ClCompile>
    <ClCompile Include="algorithm\arcsim\alglib\ap.cpp">
      <Filter>algorithm\arcsim\alglib</Filter>
    </ClCompile>
    <ClCompile Include="algorithm\arcsim\alglib\dataanalysis.cpp">
      <Filter>algorithm\arcsim\alglib</Filter>
    </ClCompile>
    <ClCompile Include="algorithm\arcsim\alglib\diffequations.cpp">
      <Filter>algorithm\arcsim\alglib</Filter>
    </ClCompile>
    <ClCompile Include="algorithm\arcsim\alglib\fasttransforms.cpp">
      <Filter>algorithm\arcsim\alglib</Filter>
    </ClCompile>
    <ClCompile Include="algorithm\arcsim\alglib\integration.cpp">
      <Filter>algorithm\arcsim\alglib</Filter>
    </ClCompile>
    <ClCompile Include="algorithm\arcsim\alglib\interpolation.cpp">
      <Filter>algorithm\arcsim\alglib</Filter>
    </ClCompile>
    <ClCompile Include="algorithm\arcsim\alglib\linalg.cpp">
      <Filter>algorithm\arcsim\alglib</Filter>
    </ClCompile>
    <ClCompile Include="algorithm\arcsim\alglib\optimization.cpp">
      <Filter>algorithm\arcsim\alglib</Filter>
    </ClCompile>
    <ClCompile Include="algorithm\arcsim\alglib\solvers.cpp">
      <Filter>algorithm\arcsim\alglib</Filter>
    </ClCompile>
    <ClCompile Include="algorithm\arcsim\alglib\specialfunctions.cpp">
      <Filter>algorithm\arcsim\alglib</Filter>
    </ClCompile>
    <ClCompile Include="algorithm\arcsim\alglib\statistics.cpp">
      <Filter>algorithm\arcsim\alglib</Filter>
    </ClCompile>
    <ClCompile Include="algorithm\ldputil.cpp">
      <Filter>algorithm</Filter>
    </ClCompile>
  </ItemGroup>
  <ItemGroup>
    <CustomBuild Include="sewingeditor.ui">
      <Filter>Form Files</Filter>
    </CustomBuild>
    <CustomBuild Include="sewingeditor.qrc">
      <Filter>Resource Files</Filter>
    </CustomBuild>
    <CustomBuild Include="sewingeditor.h">
      <Filter>Source Files</Filter>
    </CustomBuild>
    <CustomBuild Include="basemeshviewer.h">
      <Filter>Source Files</Filter>
    </CustomBuild>
    <CustomBuild Include="SvgViewer.h">
      <Filter>Source Files</Filter>
    </CustomBuild>
    <CustomBuild Include="qdarkstyle\style.qrc">
      <Filter>Resource Files</Filter>
    </CustomBuild>
    <CustomBuild Include="MeshWindow.h">
      <Filter>Source Files</Filter>
    </CustomBuild>
    <CustomBuild Include="meshwindow.ui">
      <Filter>Form Files</Filter>
    </CustomBuild>
  </ItemGroup>
  <ItemGroup>
    <ClInclude Include="GeneratedFiles\ui_sewingeditor.h">
      <Filter>Generated Files</Filter>
    </ClInclude>
    <ClInclude Include="SquareWidget.h">
      <Filter>Source Files</Filter>
    </ClInclude>
    <ClInclude Include="algorithm\global_data_holder.h">
      <Filter>algorithm</Filter>
    </ClInclude>
    <ClInclude Include="algorithm\LMSolver.h">
      <Filter>algorithm</Filter>
    </ClInclude>
    <ClInclude Include="algorithm\Param.h">
      <Filter>algorithm</Filter>
    </ClInclude>
    <ClInclude Include="algorithm\qimdebug.h">
      <Filter>algorithm</Filter>
    </ClInclude>
    <ClInclude Include="algorithm\ldpMat\half.hpp">
      <Filter>algorithm\ldpMat</Filter>
    </ClInclude>
    <ClInclude Include="algorithm\ldpMat\ldp_basic_mat.h">
      <Filter>algorithm\ldpMat</Filter>
    </ClInclude>
    <ClInclude Include="algorithm\ldpMat\ldp_basic_vec.h">
      <Filter>algorithm\ldpMat</Filter>
    </ClInclude>
    <ClInclude Include="algorithm\ldpMat\ldpdef.h">
      <Filter>algorithm\ldpMat</Filter>
    </ClInclude>
    <ClInclude Include="algorithm\ldpMat\Quaternion.h">
      <Filter>algorithm\ldpMat</Filter>
    </ClInclude>
    <ClInclude Include="algorithm\camera\Camera.h">
      <Filter>algorithm\camera</Filter>
    </ClInclude>
    <ClInclude Include="algorithm\camera\fmath.h">
      <Filter>algorithm\camera</Filter>
    </ClInclude>
    <ClInclude Include="algorithm\conv\Convolution_Helper.h">
      <Filter>algorithm\conv</Filter>
    </ClInclude>
    <ClInclude Include="algorithm\conv\ConvolutionPyramid.h">
      <Filter>algorithm\conv</Filter>
    </ClInclude>
    <ClInclude Include="algorithm\conv\ImageData.h">
      <Filter>algorithm\conv</Filter>
    </ClInclude>
    <ClInclude Include="algorithm\FreeImage\CFreeImage.h">
      <Filter>algorithm\freeImage</Filter>
    </ClInclude>
    <ClInclude Include="algorithm\FreeImage\FreeImage.h">
      <Filter>algorithm\freeImage</Filter>
    </ClInclude>
    <ClInclude Include="algorithm\kdtree\AABB.h">
      <Filter>algorithm\kdtree</Filter>
    </ClInclude>
    <ClInclude Include="algorithm\kdtree\BSphere.h">
      <Filter>algorithm\kdtree</Filter>
    </ClInclude>
    <ClInclude Include="algorithm\kdtree\common.h">
      <Filter>algorithm\kdtree</Filter>
    </ClInclude>
    <ClInclude Include="algorithm\kdtree\KdTree.h">
      <Filter>algorithm\kdtree</Filter>
    </ClInclude>
    <ClInclude Include="algorithm\kdtree\nanoflann.hpp">
      <Filter>algorithm\kdtree</Filter>
    </ClInclude>
    <ClInclude Include="algorithm\kdtree\PointTree.h">
      <Filter>algorithm\kdtree</Filter>
    </ClInclude>
    <ClInclude Include="algorithm\kdtree\Primitive.h">
      <Filter>algorithm\kdtree</Filter>
    </ClInclude>
    <ClInclude Include="algorithm\kdtree\Ray.h">
      <Filter>algorithm\kdtree</Filter>
    </ClInclude>
    <ClInclude Include="algorithm\Renderable\AbstractMesh.h">
      <Filter>algorithm\renderable</Filter>
    </ClInclude>
    <ClInclude Include="algorithm\Renderable\bmesh.h">
      <Filter>algorithm\renderable</Filter>
    </ClInclude>
    <ClInclude Include="algorithm\Renderable\bmesh_private.h">
      <Filter>algorithm\renderable</Filter>
    </ClInclude>
    <ClInclude Include="algorithm\Renderable\BoneMesh.h">
      <Filter>algorithm\renderable</Filter>
    </ClInclude>
    <ClInclude Include="algorithm\Renderable\ConnComponent.h">
      <Filter>algorithm\renderable</Filter>
    </ClInclude>
    <ClInclude Include="algorithm\Renderable\CreaseMesh.h">
      <Filter>algorithm\renderable</Filter>
    </ClInclude>
    <ClInclude Include="algorithm\Renderable\Error.h">
      <Filter>algorithm\renderable</Filter>
    </ClInclude>
    <ClInclude Include="algorithm\Renderable\GLNode.h">
      <Filter>algorithm\renderable</Filter>
    </ClInclude>
    <ClInclude Include="algorithm\Renderable\ObjMesh.h">
      <Filter>algorithm\renderable</Filter>
    </ClInclude>
    <ClInclude Include="algorithm\Renderable\Renderable.h">
      <Filter>algorithm\renderable</Filter>
    </ClInclude>
    <ClInclude Include="algorithm\OpenMesh\OpenMeshWrapper.h">
      <Filter>algorithm\openmesh</Filter>
    </ClInclude>
    <ClInclude Include="algorithm\OpenMesh\triangle.h">
      <Filter>algorithm\openmesh</Filter>
    </ClInclude>
    <ClInclude Include="algorithm\Shader\glsl.h">
      <Filter>algorithm\shader</Filter>
    </ClInclude>
    <ClInclude Include="algorithm\Shader\glslprogram.h">
      <Filter>algorithm\shader</Filter>
    </ClInclude>
    <ClInclude Include="algorithm\Shader\ShaderManager.h">
      <Filter>algorithm\shader</Filter>
    </ClInclude>
    <ClInclude Include="algorithm\svgpp\nvprsvg\ActiveControlPoint.hpp">
      <Filter>algorithm\svgpp\nvprsvg</Filter>
    </ClInclude>
    <ClInclude Include="algorithm\svgpp\nvprsvg\boar_colors.h">
      <Filter>algorithm\svgpp\nvprsvg</Filter>
    </ClInclude>
    <ClInclude Include="algorithm\svgpp\nvprsvg\boar_paths.h">
      <Filter>algorithm\svgpp\nvprsvg</Filter>
    </ClInclude>
    <ClInclude Include="algorithm\svgpp\nvprsvg\color_names.hpp">
      <Filter>algorithm\svgpp\nvprsvg</Filter>
    </ClInclude>
    <ClInclude Include="algorithm\svgpp\nvprsvg\countof.h">
      <Filter>algorithm\svgpp\nvprsvg</Filter>
    </ClInclude>
    <ClInclude Include="algorithm\svgpp\nvprsvg\freetype2_loader.hpp">
      <Filter>algorithm\svgpp\nvprsvg</Filter>
    </ClInclude>
    <ClInclude Include="algorithm\svgpp\nvprsvg\glmatrix.hpp">
      <Filter>algorithm\svgpp\nvprsvg</Filter>
    </ClInclude>
    <ClInclude Include="algorithm\svgpp\nvprsvg\misc_math.hpp">
      <Filter>algorithm\svgpp\nvprsvg</Filter>
    </ClInclude>
    <ClInclude Include="algorithm\svgpp\nvprsvg\nvpr_svg_config.h">
      <Filter>algorithm\svgpp\nvprsvg</Filter>
    </ClInclude>
    <ClInclude Include="algorithm\svgpp\nvprsvg\path.hpp">
      <Filter>algorithm\svgpp\nvprsvg</Filter>
    </ClInclude>
    <ClInclude Include="algorithm\svgpp\nvprsvg\path_data.h">
      <Filter>algorithm\svgpp\nvprsvg</Filter>
    </ClInclude>
    <ClInclude Include="algorithm\svgpp\nvprsvg\path_parse_svg.h">
      <Filter>algorithm\svgpp\nvprsvg</Filter>
    </ClInclude>
    <ClInclude Include="algorithm\svgpp\nvprsvg\path_process.hpp">
      <Filter>algorithm\svgpp\nvprsvg</Filter>
    </ClInclude>
    <ClInclude Include="algorithm\svgpp\nvprsvg\path_stats.hpp">
      <Filter>algorithm\svgpp\nvprsvg</Filter>
    </ClInclude>
    <ClInclude Include="algorithm\svgpp\nvprsvg\PathStyle.hpp">
      <Filter>algorithm\svgpp\nvprsvg</Filter>
    </ClInclude>
    <ClInclude Include="algorithm\svgpp\nvprsvg\renderer.hpp">
      <Filter>algorithm\svgpp\nvprsvg</Filter>
    </ClInclude>
    <ClInclude Include="algorithm\svgpp\nvprsvg\scene.hpp">
      <Filter>algorithm\svgpp\nvprsvg</Filter>
    </ClInclude>
    <ClInclude Include="algorithm\svgpp\nvprsvg\sRGB_vector.hpp">
      <Filter>algorithm\svgpp\nvprsvg</Filter>
    </ClInclude>
    <ClInclude Include="algorithm\svgpp\nvprsvg\svg_files.hpp">
      <Filter>algorithm\svgpp\nvprsvg</Filter>
    </ClInclude>
    <ClInclude Include="algorithm\svgpp\nvprsvg\svg_loader.hpp">
      <Filter>algorithm\svgpp\nvprsvg</Filter>
    </ClInclude>
    <ClInclude Include="algorithm\tinyxml\tinystr.h">
      <Filter>algorithm\tinyxml</Filter>
    </ClInclude>
    <ClInclude Include="algorithm\tinyxml\tinyxml.h">
      <Filter>algorithm\tinyxml</Filter>
    </ClInclude>
    <ClInclude Include="algorithm\svgpp\nvprsvg\common\brick_image.h">
      <Filter>algorithm\svgpp\nvprsvg\common</Filter>
    </ClInclude>
    <ClInclude Include="algorithm\svgpp\nvprsvg\common\countof.h">
      <Filter>algorithm\svgpp\nvprsvg\common</Filter>
    </ClInclude>
    <ClInclude Include="algorithm\svgpp\nvprsvg\common\dsa_emulate.h">
      <Filter>algorithm\svgpp\nvprsvg\common</Filter>
    </ClInclude>
    <ClInclude Include="algorithm\svgpp\nvprsvg\common\mjkimage.h">
      <Filter>algorithm\svgpp\nvprsvg\common</Filter>
    </ClInclude>
    <ClInclude Include="algorithm\svgpp\nvprsvg\common\request_vsync.h">
      <Filter>algorithm\svgpp\nvprsvg\common</Filter>
    </ClInclude>
    <ClInclude Include="algorithm\svgpp\nvprsvg\common\showfps.h">
      <Filter>algorithm\svgpp\nvprsvg\common</Filter>
    </ClInclude>
    <ClInclude Include="algorithm\svgpp\nvprsvg\common\sRGB_math.h">
      <Filter>algorithm\svgpp\nvprsvg\common</Filter>
    </ClInclude>
    <ClInclude Include="algorithm\svgpp\nvprsvg\common\trackball.h">
      <Filter>algorithm\svgpp\nvprsvg\common</Filter>
    </ClInclude>
    <ClInclude Include="algorithm\svgpp\nvprsvg\common\xform.h">
      <Filter>algorithm\svgpp\nvprsvg\common</Filter>
    </ClInclude>
    <ClInclude Include="algorithm\svgpp\nvprsvg\common\xform.hpp">
      <Filter>algorithm\svgpp\nvprsvg\common</Filter>
    </ClInclude>
    <ClInclude Include="algorithm\svgpp\nvprsvg\stb\stb_image.h">
      <Filter>algorithm\svgpp\nvprsvg\stb</Filter>
    </ClInclude>
    <ClInclude Include="algorithm\svgpp\nvprsvg\stc\renderer_stc.hpp">
      <Filter>algorithm\svgpp\nvprsvg\stc</Filter>
    </ClInclude>
    <ClInclude Include="algorithm\svgpp\nvprsvg\stc\scene_stc.hpp">
      <Filter>algorithm\svgpp\nvprsvg\stc</Filter>
    </ClInclude>
    <ClInclude Include="algorithm\svgpp\nvprsvg\nvpr\renderer_nvpr.hpp">
      <Filter>algorithm\svgpp\nvprsvg\nvpr</Filter>
    </ClInclude>
    <ClInclude Include="algorithm\svgpp\SvgManager.h">
      <Filter>algorithm\svgpp</Filter>
    </ClInclude>
    <ClInclude Include="algorithm\svgpp\SvgAbstractObject.h">
      <Filter>algorithm\svgpp</Filter>
    </ClInclude>
    <ClInclude Include="algorithm\svgpp\SvgAttribute.h">
      <Filter>algorithm\svgpp</Filter>
    </ClInclude>
    <ClInclude Include="algorithm\svgpp\SvgPath.h">
      <Filter>algorithm\svgpp</Filter>
    </ClInclude>
    <ClInclude Include="algorithm\svgpp\SvgText.h">
      <Filter>algorithm\svgpp</Filter>
    </ClInclude>
    <ClInclude Include="algorithm\svgpp\SvgGroup.h">
      <Filter>algorithm\svgpp</Filter>
    </ClInclude>
    <ClInclude Include="algorithm\svgpp\nvprsvg\common\render_font.hpp">
      <Filter>algorithm\svgpp\nvprsvg\common</Filter>
    </ClInclude>
    <ClInclude Include="event_handles\AbstractEventHandle.h">
      <Filter>event_handles</Filter>
    </ClInclude>
    <ClInclude Include="event_handles\ShapeEventHandle.h">
      <Filter>event_handles</Filter>
    </ClInclude>
    <ClInclude Include="event_handles\GroupEventHandle.h">
      <Filter>event_handles</Filter>
    </ClInclude>
    <ClInclude Include="event_handles\ZoomEventHandle.h">
      <Filter>event_handles</Filter>
    </ClInclude>
    <ClInclude Include="resource.h">
      <Filter>Generated Files</Filter>
    </ClInclude>
    <ClInclude Include="algorithm\svgpp\SvgPolyPath.h">
      <Filter>algorithm\svgpp</Filter>
    </ClInclude>
    <ClInclude Include="event_handles\AbstractMeshEventHandle.h">
      <Filter>event_handles</Filter>
    </ClInclude>
    <ClInclude Include="algorithm\SC\analysis2d_cloth_static.h">
      <Filter>algorithm\SC</Filter>
    </ClInclude>
    <ClInclude Include="algorithm\SC\cloth_handler.h">
      <Filter>algorithm\SC</Filter>
    </ClInclude>
    <ClInclude Include="algorithm\SC\cloth_utility.h">
      <Filter>algorithm\SC</Filter>
    </ClInclude>
    <ClInclude Include="algorithm\SC\contact_target.h">
      <Filter>algorithm\SC</Filter>
    </ClInclude>
    <ClInclude Include="algorithm\SC\designer2d_cloth.h">
      <Filter>algorithm\SC</Filter>
    </ClInclude>
    <ClInclude Include="algorithm\SC\emat_cst.h">
      <Filter>algorithm\SC</Filter>
    </ClInclude>
    <ClInclude Include="algorithm\SC\emat_glue.h">
      <Filter>algorithm\SC</Filter>
    </ClInclude>
    <ClInclude Include="algorithm\SC\emat_quad_bend.h">
      <Filter>algorithm\SC</Filter>
    </ClInclude>
    <ClInclude Include="algorithm\SC\eqn_contact3d.h">
      <Filter>algorithm\SC</Filter>
    </ClInclude>
    <ClInclude Include="algorithm\SC\eqn_glue.h">
      <Filter>algorithm\SC</Filter>
    </ClInclude>
    <ClInclude Include="algorithm\SC\eqn_quad_bend.h">
      <Filter>algorithm\SC</Filter>
    </ClInclude>
    <ClInclude Include="algorithm\SC\slider_deform.h">
      <Filter>algorithm\SC</Filter>
    </ClInclude>
    <ClInclude Include="algorithm\SC\stitch_array.h">
      <Filter>algorithm\SC</Filter>
    </ClInclude>
    <ClInclude Include="algorithm\SC\DelFEM\include\delfem\cad_com.h">
      <Filter>algorithm\SC\DelFEM</Filter>
    </ClInclude>
    <ClInclude Include="algorithm\SC\DelFEM\include\delfem\cad_obj2d.h">
      <Filter>algorithm\SC\DelFEM</Filter>
    </ClInclude>
    <ClInclude Include="algorithm\SC\DelFEM\include\delfem\cad_obj2d_move.h">
      <Filter>algorithm\SC\DelFEM</Filter>
    </ClInclude>
    <ClInclude Include="algorithm\SC\DelFEM\include\delfem\cad_obj3d.h">
      <Filter>algorithm\SC\DelFEM</Filter>
    </ClInclude>
    <ClInclude Include="algorithm\SC\DelFEM\include\delfem\cad2d_interface.h">
      <Filter>algorithm\SC\DelFEM</Filter>
    </ClInclude>
    <ClInclude Include="algorithm\SC\DelFEM\include\delfem\camera.h">
      <Filter>algorithm\SC\DelFEM</Filter>
    </ClInclude>
    <ClInclude Include="algorithm\SC\DelFEM\include\delfem\complex.h">
      <Filter>algorithm\SC\DelFEM</Filter>
    </ClInclude>
    <ClInclude Include="algorithm\SC\DelFEM\include\delfem\designer2d_analysis.h">
      <Filter>algorithm\SC\DelFEM</Filter>
    </ClInclude>
    <ClInclude Include="algorithm\SC\DelFEM\include\delfem\drawer.h">
      <Filter>algorithm\SC\DelFEM</Filter>
    </ClInclude>
    <ClInclude Include="algorithm\SC\DelFEM\include\delfem\drawer_cad.h">
      <Filter>algorithm\SC\DelFEM</Filter>
    </ClInclude>
    <ClInclude Include="algorithm\SC\DelFEM\include\delfem\drawer_cad3d.h">
      <Filter>algorithm\SC\DelFEM</Filter>
    </ClInclude>
    <ClInclude Include="algorithm\SC\DelFEM\include\delfem\drawer_field.h">
      <Filter>algorithm\SC\DelFEM</Filter>
    </ClInclude>
    <ClInclude Include="algorithm\SC\DelFEM\include\delfem\drawer_field_edge.h">
      <Filter>algorithm\SC\DelFEM</Filter>
    </ClInclude>
    <ClInclude Include="algorithm\SC\DelFEM\include\delfem\drawer_field_face.h">
      <Filter>algorithm\SC\DelFEM</Filter>
    </ClInclude>
    <ClInclude Include="algorithm\SC\DelFEM\include\delfem\drawer_field_image_based_flow_vis.h">
      <Filter>algorithm\SC\DelFEM</Filter>
    </ClInclude>
    <ClInclude Include="algorithm\SC\DelFEM\include\delfem\drawer_field_streamline.h">
      <Filter>algorithm\SC\DelFEM</Filter>
    </ClInclude>
    <ClInclude Include="algorithm\SC\DelFEM\include\delfem\drawer_field_vector.h">
      <Filter>algorithm\SC\DelFEM</Filter>
    </ClInclude>
    <ClInclude Include="algorithm\SC\DelFEM\include\delfem\drawer_gl_utility.h">
      <Filter>algorithm\SC\DelFEM</Filter>
    </ClInclude>
    <ClInclude Include="algorithm\SC\DelFEM\include\delfem\drawer_msh.h">
      <Filter>algorithm\SC\DelFEM</Filter>
    </ClInclude>
    <ClInclude Include="algorithm\SC\DelFEM\include\delfem\elem_ary.h">
      <Filter>algorithm\SC\DelFEM</Filter>
    </ClInclude>
    <ClInclude Include="algorithm\SC\DelFEM\include\delfem\eqnsys.h">
      <Filter>algorithm\SC\DelFEM</Filter>
    </ClInclude>
    <ClInclude Include="algorithm\SC\DelFEM\include\delfem\eqnsys_fluid.h">
      <Filter>algorithm\SC\DelFEM</Filter>
    </ClInclude>
    <ClInclude Include="algorithm\SC\DelFEM\include\delfem\eqnsys_scalar.h">
      <Filter>algorithm\SC\DelFEM</Filter>
    </ClInclude>
    <ClInclude Include="algorithm\SC\DelFEM\include\delfem\eqnsys_shell.h">
      <Filter>algorithm\SC\DelFEM</Filter>
    </ClInclude>
    <ClInclude Include="algorithm\SC\DelFEM\include\delfem\eqnsys_solid.h">
      <Filter>algorithm\SC\DelFEM</Filter>
    </ClInclude>
    <ClInclude Include="algorithm\SC\DelFEM\include\delfem\eval.h">
      <Filter>algorithm\SC\DelFEM</Filter>
    </ClInclude>
    <ClInclude Include="algorithm\SC\DelFEM\include\delfem\field.h">
      <Filter>algorithm\SC\DelFEM</Filter>
    </ClInclude>
    <ClInclude Include="algorithm\SC\DelFEM\include\delfem\field_value_setter.h">
      <Filter>algorithm\SC\DelFEM</Filter>
    </ClInclude>
    <ClInclude Include="algorithm\SC\DelFEM\include\delfem\field_world.h">
      <Filter>algorithm\SC\DelFEM</Filter>
    </ClInclude>
    <ClInclude Include="algorithm\SC\DelFEM\include\delfem\glut_utility.h">
      <Filter>algorithm\SC\DelFEM</Filter>
    </ClInclude>
    <ClInclude Include="algorithm\SC\DelFEM\include\delfem\indexed_array.h">
      <Filter>algorithm\SC\DelFEM</Filter>
    </ClInclude>
    <ClInclude Include="algorithm\SC\DelFEM\include\delfem\linearsystem_interface_eqnsys.h">
      <Filter>algorithm\SC\DelFEM</Filter>
    </ClInclude>
    <ClInclude Include="algorithm\SC\DelFEM\include\delfem\mesh_interface.h">
      <Filter>algorithm\SC\DelFEM</Filter>
    </ClInclude>
    <ClInclude Include="algorithm\SC\DelFEM\include\delfem\mesh_primitive.h">
      <Filter>algorithm\SC\DelFEM</Filter>
    </ClInclude>
    <ClInclude Include="algorithm\SC\DelFEM\include\delfem\mesh3d.h">
      <Filter>algorithm\SC\DelFEM</Filter>
    </ClInclude>
    <ClInclude Include="algorithm\SC\DelFEM\include\delfem\mesher2d.h">
      <Filter>algorithm\SC\DelFEM</Filter>
    </ClInclude>
    <ClInclude Include="algorithm\SC\DelFEM\include\delfem\mesher2d_edit.h">
      <Filter>algorithm\SC\DelFEM</Filter>
    </ClInclude>
    <ClInclude Include="algorithm\SC\DelFEM\include\delfem\node_ary.h">
      <Filter>algorithm\SC\DelFEM</Filter>
    </ClInclude>
    <ClInclude Include="algorithm\SC\DelFEM\include\delfem\objset.h">
      <Filter>algorithm\SC\DelFEM</Filter>
    </ClInclude>
    <ClInclude Include="algorithm\SC\DelFEM\include\delfem\quaternion.h">
      <Filter>algorithm\SC\DelFEM</Filter>
    </ClInclude>
    <ClInclude Include="algorithm\SC\DelFEM\include\delfem\serialize.h">
      <Filter>algorithm\SC\DelFEM</Filter>
    </ClInclude>
    <ClInclude Include="algorithm\SC\DelFEM\include\delfem\spatial_hash_grid2d.h">
      <Filter>algorithm\SC\DelFEM</Filter>
    </ClInclude>
    <ClInclude Include="algorithm\SC\DelFEM\include\delfem\spatial_hash_grid3d.h">
      <Filter>algorithm\SC\DelFEM</Filter>
    </ClInclude>
    <ClInclude Include="algorithm\SC\DelFEM\include\delfem\tri_ary_topology.h">
      <Filter>algorithm\SC\DelFEM</Filter>
    </ClInclude>
    <ClInclude Include="algorithm\SC\DelFEM\include\delfem\uglyfont.h">
      <Filter>algorithm\SC\DelFEM</Filter>
    </ClInclude>
    <ClInclude Include="algorithm\SC\DelFEM\include\delfem\vector2d.h">
      <Filter>algorithm\SC\DelFEM</Filter>
    </ClInclude>
    <ClInclude Include="algorithm\SC\DelFEM\include\delfem\vector3d.h">
      <Filter>algorithm\SC\DelFEM</Filter>
    </ClInclude>
    <ClInclude Include="algorithm\SC\DelFEM\include\delfem\cad\brep.h">
      <Filter>algorithm\SC\DelFEM\cad</Filter>
    </ClInclude>
    <ClInclude Include="algorithm\SC\DelFEM\include\delfem\cad\brep2d.h">
      <Filter>algorithm\SC\DelFEM\cad</Filter>
    </ClInclude>
    <ClInclude Include="algorithm\SC\DelFEM\include\delfem\cad\cad_edge2d_polyline.h">
      <Filter>algorithm\SC\DelFEM\cad</Filter>
    </ClInclude>
    <ClInclude Include="algorithm\SC\DelFEM\include\delfem\cad\cad_elem2d.h">
      <Filter>algorithm\SC\DelFEM\cad</Filter>
    </ClInclude>
    <ClInclude Include="algorithm\SC\DelFEM\include\delfem\cad\cad_elem3d.h">
      <Filter>algorithm\SC\DelFEM\cad</Filter>
    </ClInclude>
    <ClInclude Include="algorithm\SC\DelFEM\include\delfem\cad\contact_target_cad3d.h">
      <Filter>algorithm\SC\DelFEM\cad</Filter>
    </ClInclude>
    <ClInclude Include="algorithm\SC\DelFEM\include\delfem\cad\objset_cad.h">
      <Filter>algorithm\SC\DelFEM\cad</Filter>
    </ClInclude>
    <ClInclude Include="algorithm\SC\DelFEM\include\delfem\cad\truss2d.h">
      <Filter>algorithm\SC\DelFEM\cad</Filter>
    </ClInclude>
    <ClInclude Include="algorithm\SC\DelFEM\include\delfem\femeqn\eqn_advection_diffusion.h">
      <Filter>algorithm\SC\DelFEM\femeqn</Filter>
    </ClInclude>
    <ClInclude Include="algorithm\SC\DelFEM\include\delfem\femeqn\eqn_diffusion.h">
      <Filter>algorithm\SC\DelFEM\femeqn</Filter>
    </ClInclude>
    <ClInclude Include="algorithm\SC\DelFEM\include\delfem\femeqn\eqn_dkt.h">
      <Filter>algorithm\SC\DelFEM\femeqn</Filter>
    </ClInclude>
    <ClInclude Include="algorithm\SC\DelFEM\include\delfem\femeqn\eqn_helmholtz.h">
      <Filter>algorithm\SC\DelFEM\femeqn</Filter>
    </ClInclude>
    <ClInclude Include="algorithm\SC\DelFEM\include\delfem\femeqn\eqn_hyper.h">
      <Filter>algorithm\SC\DelFEM\femeqn</Filter>
    </ClInclude>
    <ClInclude Include="algorithm\SC\DelFEM\include\delfem\femeqn\eqn_linear_solid2d.h">
      <Filter>algorithm\SC\DelFEM\femeqn</Filter>
    </ClInclude>
    <ClInclude Include="algorithm\SC\DelFEM\include\delfem\femeqn\eqn_linear_solid3d.h">
      <Filter>algorithm\SC\DelFEM\femeqn</Filter>
    </ClInclude>
    <ClInclude Include="algorithm\SC\DelFEM\include\delfem\femeqn\eqn_navier_stokes.h">
      <Filter>algorithm\SC\DelFEM\femeqn</Filter>
    </ClInclude>
    <ClInclude Include="algorithm\SC\DelFEM\include\delfem\femeqn\eqn_poisson.h">
      <Filter>algorithm\SC\DelFEM\femeqn</Filter>
    </ClInclude>
    <ClInclude Include="algorithm\SC\DelFEM\include\delfem\femeqn\eqn_st_venant.h">
      <Filter>algorithm\SC\DelFEM\femeqn</Filter>
    </ClInclude>
    <ClInclude Include="algorithm\SC\DelFEM\include\delfem\femeqn\eqn_stokes.h">
      <Filter>algorithm\SC\DelFEM\femeqn</Filter>
    </ClInclude>
    <ClInclude Include="algorithm\SC\DelFEM\include\delfem\femeqn\ker_emat_bar.h">
      <Filter>algorithm\SC\DelFEM\femeqn</Filter>
    </ClInclude>
    <ClInclude Include="algorithm\SC\DelFEM\include\delfem\femeqn\ker_emat_hex.h">
      <Filter>algorithm\SC\DelFEM\femeqn</Filter>
    </ClInclude>
    <ClInclude Include="algorithm\SC\DelFEM\include\delfem\femeqn\ker_emat_quad.h">
      <Filter>algorithm\SC\DelFEM\femeqn</Filter>
    </ClInclude>
    <ClInclude Include="algorithm\SC\DelFEM\include\delfem\femeqn\ker_emat_tet.h">
      <Filter>algorithm\SC\DelFEM\femeqn</Filter>
    </ClInclude>
    <ClInclude Include="algorithm\SC\DelFEM\include\delfem\femeqn\ker_emat_tri.h">
      <Filter>algorithm\SC\DelFEM\femeqn</Filter>
    </ClInclude>
    <ClInclude Include="algorithm\SC\DelFEM\include\delfem\femls\linearsystem_field.h">
      <Filter>algorithm\SC\DelFEM\femls</Filter>
    </ClInclude>
    <ClInclude Include="algorithm\SC\DelFEM\include\delfem\femls\linearsystem_fieldsave.h">
      <Filter>algorithm\SC\DelFEM\femls</Filter>
    </ClInclude>
    <ClInclude Include="algorithm\SC\DelFEM\include\delfem\femls\zlinearsystem.h">
      <Filter>algorithm\SC\DelFEM\femls</Filter>
    </ClInclude>
    <ClInclude Include="algorithm\SC\DelFEM\include\delfem\femls\zpreconditioner.h">
      <Filter>algorithm\SC\DelFEM\femls</Filter>
    </ClInclude>
    <ClInclude Include="algorithm\SC\DelFEM\include\delfem\femls\zsolver_ls_iter.h">
      <Filter>algorithm\SC\DelFEM\femls</Filter>
    </ClInclude>
    <ClInclude Include="algorithm\SC\DelFEM\include\delfem\ls\eigen_lanczos.h">
      <Filter>algorithm\SC\DelFEM\ls</Filter>
    </ClInclude>
    <ClInclude Include="algorithm\SC\DelFEM\include\delfem\ls\linearsystem.h">
      <Filter>algorithm\SC\DelFEM\ls</Filter>
    </ClInclude>
    <ClInclude Include="algorithm\SC\DelFEM\include\delfem\ls\linearsystem_interface_solver.h">
      <Filter>algorithm\SC\DelFEM\ls</Filter>
    </ClInclude>
    <ClInclude Include="algorithm\SC\DelFEM\include\delfem\ls\preconditioner.h">
      <Filter>algorithm\SC\DelFEM\ls</Filter>
    </ClInclude>
    <ClInclude Include="algorithm\SC\DelFEM\include\delfem\ls\solver_ls_iter.h">
      <Filter>algorithm\SC\DelFEM\ls</Filter>
    </ClInclude>
    <ClInclude Include="algorithm\SC\DelFEM\include\delfem\matvec\bcflag_blk.h">
      <Filter>algorithm\SC\DelFEM\matvec</Filter>
    </ClInclude>
    <ClInclude Include="algorithm\SC\DelFEM\include\delfem\matvec\diamat_blk.h">
      <Filter>algorithm\SC\DelFEM\matvec</Filter>
    </ClInclude>
    <ClInclude Include="algorithm\SC\DelFEM\include\delfem\matvec\ker_mat.h">
      <Filter>algorithm\SC\DelFEM\matvec</Filter>
    </ClInclude>
    <ClInclude Include="algorithm\SC\DelFEM\include\delfem\matvec\mat_blkcrs.h">
      <Filter>algorithm\SC\DelFEM\matvec</Filter>
    </ClInclude>
    <ClInclude Include="algorithm\SC\DelFEM\include\delfem\matvec\matdia_blkcrs.h">
      <Filter>algorithm\SC\DelFEM\matvec</Filter>
    </ClInclude>
    <ClInclude Include="algorithm\SC\DelFEM\include\delfem\matvec\matdiafrac_blkcrs.h">
      <Filter>algorithm\SC\DelFEM\matvec</Filter>
    </ClInclude>
    <ClInclude Include="algorithm\SC\DelFEM\include\delfem\matvec\matdiainv_blkdia.h">
      <Filter>algorithm\SC\DelFEM\matvec</Filter>
    </ClInclude>
    <ClInclude Include="algorithm\SC\DelFEM\include\delfem\matvec\matfrac_blkcrs.h">
      <Filter>algorithm\SC\DelFEM\matvec</Filter>
    </ClInclude>
    <ClInclude Include="algorithm\SC\DelFEM\include\delfem\matvec\matprecond_blk.h">
      <Filter>algorithm\SC\DelFEM\matvec</Filter>
    </ClInclude>
    <ClInclude Include="algorithm\SC\DelFEM\include\delfem\matvec\matprolong_blkcrs.h">
      <Filter>algorithm\SC\DelFEM\matvec</Filter>
    </ClInclude>
    <ClInclude Include="algorithm\SC\DelFEM\include\delfem\matvec\ordering_blk.h">
      <Filter>algorithm\SC\DelFEM\matvec</Filter>
    </ClInclude>
    <ClInclude Include="algorithm\SC\DelFEM\include\delfem\matvec\solver_mat_iter.h">
      <Filter>algorithm\SC\DelFEM\matvec</Filter>
    </ClInclude>
    <ClInclude Include="algorithm\SC\DelFEM\include\delfem\matvec\solver_mg.h">
      <Filter>algorithm\SC\DelFEM\matvec</Filter>
    </ClInclude>
    <ClInclude Include="algorithm\SC\DelFEM\include\delfem\matvec\vector_blk.h">
      <Filter>algorithm\SC\DelFEM\matvec</Filter>
    </ClInclude>
    <ClInclude Include="algorithm\SC\DelFEM\include\delfem\matvec\zmat_blkcrs.h">
      <Filter>algorithm\SC\DelFEM\matvec</Filter>
    </ClInclude>
    <ClInclude Include="algorithm\SC\DelFEM\include\delfem\matvec\zmatdia_blkcrs.h">
      <Filter>algorithm\SC\DelFEM\matvec</Filter>
    </ClInclude>
    <ClInclude Include="algorithm\SC\DelFEM\include\delfem\matvec\zmatdiafrac_blkcrs.h">
      <Filter>algorithm\SC\DelFEM\matvec</Filter>
    </ClInclude>
    <ClInclude Include="algorithm\SC\DelFEM\include\delfem\matvec\zmatprecond_blk.h">
      <Filter>algorithm\SC\DelFEM\matvec</Filter>
    </ClInclude>
    <ClInclude Include="algorithm\SC\DelFEM\include\delfem\matvec\zsolver_mat_iter.h">
      <Filter>algorithm\SC\DelFEM\matvec</Filter>
    </ClInclude>
    <ClInclude Include="algorithm\SC\DelFEM\include\delfem\matvec\zvector_blk.h">
      <Filter>algorithm\SC\DelFEM\matvec</Filter>
    </ClInclude>
    <ClInclude Include="algorithm\SC\DelFEM\include\delfem\msh\meshkernel2d.h">
      <Filter>algorithm\SC\DelFEM\msh</Filter>
    </ClInclude>
    <ClInclude Include="algorithm\SC\DelFEM\include\delfem\msh\meshkernel3d.h">
      <Filter>algorithm\SC\DelFEM\msh</Filter>
    </ClInclude>
    <ClInclude Include="algorithm\SC\DelFEM\include\delfem\msh\surface_mesh_reader.h">
      <Filter>algorithm\SC\DelFEM\msh</Filter>
    </ClInclude>
    <ClInclude Include="algorithm\SC\DelFEM\include\delfem\rigid\linearsystem_rigid.h">
      <Filter>algorithm\SC\DelFEM\rigid</Filter>
    </ClInclude>
    <ClInclude Include="algorithm\SC\DelFEM\include\delfem\rigid\linearsystem_rigidfield.h">
      <Filter>algorithm\SC\DelFEM\rigid</Filter>
    </ClInclude>
    <ClInclude Include="algorithm\SC\DelFEM\include\delfem\rigid\rigidbody.h">
      <Filter>algorithm\SC\DelFEM\rigid</Filter>
    </ClInclude>
    <ClInclude Include="event_handles\ClothSelectEventHandle.h">
      <Filter>event_handles</Filter>
    </ClInclude>
    <ClInclude Include="event_handles\ClothRotateEventHandle.h">
      <Filter>event_handles</Filter>
    </ClInclude>
    <ClInclude Include="event_handles\ClothTranslateEventHandle.h">
      <Filter>event_handles</Filter>
    </ClInclude>
    <ClInclude Include="event_handles\DeformEventHandle.h">
      <Filter>event_handles</Filter>
    </ClInclude>
    <ClInclude Include="algorithm\FreeFormDeform.h">
      <Filter>algorithm</Filter>
    </ClInclude>
    <ClInclude Include="algorithm\arcsim\adaptiveCloth\auglag.hpp">
      <Filter>algorithm\arcsim\adaptiveCloth</Filter>
    </ClInclude>
    <ClInclude Include="algorithm\arcsim\adaptiveCloth\bah.hpp">
      <Filter>algorithm\arcsim\adaptiveCloth</Filter>
    </ClInclude>
    <ClInclude Include="algorithm\arcsim\adaptiveCloth\blockvectors.hpp">
      <Filter>algorithm\arcsim\adaptiveCloth</Filter>
    </ClInclude>
    <ClInclude Include="algorithm\arcsim\adaptiveCloth\bvh.hpp">
      <Filter>algorithm\arcsim\adaptiveCloth</Filter>
    </ClInclude>
    <ClInclude Include="algorithm\arcsim\adaptiveCloth\cloth.hpp">
      <Filter>algorithm\arcsim\adaptiveCloth</Filter>
    </ClInclude>
    <ClInclude Include="algorithm\arcsim\adaptiveCloth\collision.hpp">
      <Filter>algorithm\arcsim\adaptiveCloth</Filter>
    </ClInclude>
    <ClInclude Include="algorithm\arcsim\adaptiveCloth\collisionutil.hpp">
      <Filter>algorithm\arcsim\adaptiveCloth</Filter>
    </ClInclude>
    <ClInclude Include="algorithm\arcsim\adaptiveCloth\constraint.hpp">
      <Filter>algorithm\arcsim\adaptiveCloth</Filter>
    </ClInclude>
    <ClInclude Include="algorithm\arcsim\adaptiveCloth\dde.hpp">
      <Filter>algorithm\arcsim\adaptiveCloth</Filter>
    </ClInclude>
    <ClInclude Include="algorithm\arcsim\adaptiveCloth\dynamicremesh.hpp">
      <Filter>algorithm\arcsim\adaptiveCloth</Filter>
    </ClInclude>
    <ClInclude Include="algorithm\arcsim\adaptiveCloth\geometry.hpp">
      <Filter>algorithm\arcsim\adaptiveCloth</Filter>
    </ClInclude>
    <ClInclude Include="algorithm\arcsim\adaptiveCloth\handle.hpp">
      <Filter>algorithm\arcsim\adaptiveCloth</Filter>
    </ClInclude>
    <ClInclude Include="algorithm\arcsim\adaptiveCloth\io.hpp">
      <Filter>algorithm\arcsim\adaptiveCloth</Filter>
    </ClInclude>
    <ClInclude Include="algorithm\arcsim\adaptiveCloth\magic.hpp">
      <Filter>algorithm\arcsim\adaptiveCloth</Filter>
    </ClInclude>
    <ClInclude Include="algorithm\arcsim\adaptiveCloth\mesh.hpp">
      <Filter>algorithm\arcsim\adaptiveCloth</Filter>
    </ClInclude>
    <ClInclude Include="algorithm\arcsim\adaptiveCloth\misc.hpp">
      <Filter>algorithm\arcsim\adaptiveCloth</Filter>
    </ClInclude>
    <ClInclude Include="algorithm\arcsim\adaptiveCloth\morph.hpp">
      <Filter>algorithm\arcsim\adaptiveCloth</Filter>
    </ClInclude>
    <ClInclude Include="algorithm\arcsim\adaptiveCloth\mot_parser.hpp">
      <Filter>algorithm\arcsim\adaptiveCloth</Filter>
    </ClInclude>
    <ClInclude Include="algorithm\arcsim\adaptiveCloth\nearobs.hpp">
      <Filter>algorithm\arcsim\adaptiveCloth</Filter>
    </ClInclude>
    <ClInclude Include="algorithm\arcsim\adaptiveCloth\obstacle.hpp">
      <Filter>algorithm\arcsim\adaptiveCloth</Filter>
    </ClInclude>
    <ClInclude Include="algorithm\arcsim\adaptiveCloth\optimization.hpp">
      <Filter>algorithm\arcsim\adaptiveCloth</Filter>
    </ClInclude>
    <ClInclude Include="algorithm\arcsim\adaptiveCloth\physics.hpp">
      <Filter>algorithm\arcsim\adaptiveCloth</Filter>
    </ClInclude>
    <ClInclude Include="algorithm\arcsim\adaptiveCloth\plasticity.hpp">
      <Filter>algorithm\arcsim\adaptiveCloth</Filter>
    </ClInclude>
    <ClInclude Include="algorithm\arcsim\adaptiveCloth\popfilter.hpp">
      <Filter>algorithm\arcsim\adaptiveCloth</Filter>
    </ClInclude>
    <ClInclude Include="algorithm\arcsim\adaptiveCloth\proximity.hpp">
      <Filter>algorithm\arcsim\adaptiveCloth</Filter>
    </ClInclude>
    <ClInclude Include="algorithm\arcsim\adaptiveCloth\remesh.hpp">
      <Filter>algorithm\arcsim\adaptiveCloth</Filter>
    </ClInclude>
    <ClInclude Include="algorithm\arcsim\adaptiveCloth\runphysics.hpp">
      <Filter>algorithm\arcsim\adaptiveCloth</Filter>
    </ClInclude>
    <ClInclude Include="algorithm\arcsim\adaptiveCloth\separate.hpp">
      <Filter>algorithm\arcsim\adaptiveCloth</Filter>
    </ClInclude>
    <ClInclude Include="algorithm\arcsim\adaptiveCloth\separateobs.hpp">
      <Filter>algorithm\arcsim\adaptiveCloth</Filter>
    </ClInclude>
    <ClInclude Include="algorithm\arcsim\adaptiveCloth\simulation.hpp">
      <Filter>algorithm\arcsim\adaptiveCloth</Filter>
    </ClInclude>
    <ClInclude Include="algorithm\arcsim\adaptiveCloth\sparse.hpp">
      <Filter>algorithm\arcsim\adaptiveCloth</Filter>
    </ClInclude>
    <ClInclude Include="algorithm\arcsim\adaptiveCloth\spline.hpp">
      <Filter>algorithm\arcsim\adaptiveCloth</Filter>
    </ClInclude>
    <ClInclude Include="algorithm\arcsim\adaptiveCloth\strainlimiting.hpp">
      <Filter>algorithm\arcsim\adaptiveCloth</Filter>
    </ClInclude>
    <ClInclude Include="algorithm\arcsim\adaptiveCloth\taucs.hpp">
      <Filter>algorithm\arcsim\adaptiveCloth</Filter>
    </ClInclude>
    <ClInclude Include="algorithm\arcsim\adaptiveCloth\tensormax.hpp">
      <Filter>algorithm\arcsim\adaptiveCloth</Filter>
    </ClInclude>
    <ClInclude Include="algorithm\arcsim\adaptiveCloth\timer.hpp">
      <Filter>algorithm\arcsim\adaptiveCloth</Filter>
    </ClInclude>
    <ClInclude Include="algorithm\arcsim\adaptiveCloth\transformation.hpp">
      <Filter>algorithm\arcsim\adaptiveCloth</Filter>
    </ClInclude>
    <ClInclude Include="algorithm\arcsim\adaptiveCloth\util.hpp">
      <Filter>algorithm\arcsim\adaptiveCloth</Filter>
    </ClInclude>
    <ClInclude Include="algorithm\arcsim\adaptiveCloth\vectors.hpp">
      <Filter>algorithm\arcsim\adaptiveCloth</Filter>
    </ClInclude>
    <ClInclude Include="algorithm\arcsim\adaptiveCloth\winport.hpp">
      <Filter>algorithm\arcsim\adaptiveCloth</Filter>
    </ClInclude>
    <ClInclude Include="algorithm\arcsim\alglib\alglibinternal.h">
      <Filter>algorithm\arcsim\alglib</Filter>
    </ClInclude>
    <ClInclude Include="algorithm\arcsim\alglib\alglibmisc.h">
      <Filter>algorithm\arcsim\alglib</Filter>
    </ClInclude>
    <ClInclude Include="algorithm\arcsim\alglib\ap.h">
      <Filter>algorithm\arcsim\alglib</Filter>
    </ClInclude>
    <ClInclude Include="algorithm\arcsim\alglib\dataanalysis.h">
      <Filter>algorithm\arcsim\alglib</Filter>
    </ClInclude>
    <ClInclude Include="algorithm\arcsim\alglib\diffequations.h">
      <Filter>algorithm\arcsim\alglib</Filter>
    </ClInclude>
    <ClInclude Include="algorithm\arcsim\alglib\fasttransforms.h">
      <Filter>algorithm\arcsim\alglib</Filter>
    </ClInclude>
    <ClInclude Include="algorithm\arcsim\alglib\integration.h">
      <Filter>algorithm\arcsim\alglib</Filter>
    </ClInclude>
    <ClInclude Include="algorithm\arcsim\alglib\interpolation.h">
      <Filter>algorithm\arcsim\alglib</Filter>
    </ClInclude>
    <ClInclude Include="algorithm\arcsim\alglib\linalg.h">
      <Filter>algorithm\arcsim\alglib</Filter>
    </ClInclude>
    <ClInclude Include="algorithm\arcsim\alglib\optimization.h">
      <Filter>algorithm\arcsim\alglib</Filter>
    </ClInclude>
    <ClInclude Include="algorithm\arcsim\alglib\solvers.h">
      <Filter>algorithm\arcsim\alglib</Filter>
    </ClInclude>
    <ClInclude Include="algorithm\arcsim\alglib\specialfunctions.h">
      <Filter>algorithm\arcsim\alglib</Filter>
    </ClInclude>
    <ClInclude Include="algorithm\arcsim\alglib\statistics.h">
      <Filter>algorithm\arcsim\alglib</Filter>
    </ClInclude>
    <ClInclude Include="algorithm\ldputil.h">
      <Filter>algorithm</Filter>
    </ClInclude>
  </ItemGroup>
  <ItemGroup>
    <ResourceCompile Include="SewingEditor.rc" />
  </ItemGroup>
  <ItemGroup>
    <Image Include="qdarkstyle\rc\up_arrow_disabled.png">
      <Filter>Resource Files</Filter>
    </Image>
    <Image Include="qdarkstyle\rc\Hmovetoolbar.png">
      <Filter>Resource Files</Filter>
    </Image>
    <Image Include="qdarkstyle\rc\stylesheet-branch-end.png">
      <Filter>Resource Files</Filter>
    </Image>
    <Image Include="qdarkstyle\rc\branch_closed-on.png">
      <Filter>Resource Files</Filter>
    </Image>
    <Image Include="qdarkstyle\rc\stylesheet-vline.png">
      <Filter>Resource Files</Filter>
    </Image>
    <Image Include="qdarkstyle\rc\branch_closed.png">
      <Filter>Resource Files</Filter>
    </Image>
    <Image Include="qdarkstyle\rc\branch_open-on.png">
      <Filter>Resource Files</Filter>
    </Image>
    <Image Include="qdarkstyle\rc\transparent.png">
      <Filter>Resource Files</Filter>
    </Image>
    <Image Include="qdarkstyle\rc\right_arrow_disabled.png">
      <Filter>Resource Files</Filter>
    </Image>
    <Image Include="qdarkstyle\rc\sizegrip.png">
      <Filter>Resource Files</Filter>
    </Image>
    <Image Include="qdarkstyle\rc\close.png">
      <Filter>Resource Files</Filter>
    </Image>
    <Image Include="qdarkstyle\rc\close-hover.png">
      <Filter>Resource Files</Filter>
    </Image>
    <Image Include="qdarkstyle\rc\close-pressed.png">
      <Filter>Resource Files</Filter>
    </Image>
    <Image Include="qdarkstyle\rc\down_arrow.png">
      <Filter>Resource Files</Filter>
    </Image>
    <Image Include="qdarkstyle\rc\Vmovetoolbar.png">
      <Filter>Resource Files</Filter>
    </Image>
    <Image Include="qdarkstyle\rc\left_arrow.png">
      <Filter>Resource Files</Filter>
    </Image>
    <Image Include="qdarkstyle\rc\stylesheet-branch-more.png">
      <Filter>Resource Files</Filter>
    </Image>
    <Image Include="qdarkstyle\rc\up_arrow.png">
      <Filter>Resource Files</Filter>
    </Image>
    <Image Include="qdarkstyle\rc\right_arrow.png">
      <Filter>Resource Files</Filter>
    </Image>
    <Image Include="qdarkstyle\rc\left_arrow_disabled.png">
      <Filter>Resource Files</Filter>
    </Image>
    <Image Include="qdarkstyle\rc\Hsepartoolbar.png">
      <Filter>Resource Files</Filter>
    </Image>
    <Image Include="qdarkstyle\rc\branch_open.png">
      <Filter>Resource Files</Filter>
    </Image>
    <Image Include="qdarkstyle\rc\Vsepartoolbar.png">
      <Filter>Resource Files</Filter>
    </Image>
    <Image Include="qdarkstyle\rc\down_arrow_disabled.png">
      <Filter>Resource Files</Filter>
    </Image>
    <Image Include="qdarkstyle\rc\undock.png">
      <Filter>Resource Files</Filter>
    </Image>
    <Image Include="qdarkstyle\rc\checkbox_checked_disabled.png">
      <Filter>Resource Files</Filter>
    </Image>
    <Image Include="qdarkstyle\rc\checkbox_checked_focus.png">
      <Filter>Resource Files</Filter>
    </Image>
    <Image Include="qdarkstyle\rc\checkbox_checked.png">
      <Filter>Resource Files</Filter>
    </Image>
    <Image Include="qdarkstyle\rc\checkbox_indeterminate.png">
      <Filter>Resource Files</Filter>
    </Image>
    <Image Include="qdarkstyle\rc\checkbox_indeterminate_focus.png">
      <Filter>Resource Files</Filter>
    </Image>
    <Image Include="qdarkstyle\rc\checkbox_unchecked_disabled.png">
      <Filter>Resource Files</Filter>
    </Image>
    <Image Include="qdarkstyle\rc\checkbox_unchecked_focus.png">
      <Filter>Resource Files</Filter>
    </Image>
    <Image Include="qdarkstyle\rc\checkbox_unchecked.png">
      <Filter>Resource Files</Filter>
    </Image>
    <Image Include="qdarkstyle\rc\radio_checked_disabled.png">
      <Filter>Resource Files</Filter>
    </Image>
    <Image Include="qdarkstyle\rc\radio_checked_focus.png">
      <Filter>Resource Files</Filter>
    </Image>
    <Image Include="qdarkstyle\rc\radio_checked.png">
      <Filter>Resource Files</Filter>
    </Image>
    <Image Include="qdarkstyle\rc\radio_unchecked_disabled.png">
      <Filter>Resource Files</Filter>
    </Image>
    <Image Include="qdarkstyle\rc\radio_unchecked_focus.png">
      <Filter>Resource Files</Filter>
    </Image>
    <Image Include="qdarkstyle\rc\radio_unchecked.png">
      <Filter>Resource Files</Filter>
    </Image>
  </ItemGroup>
  <ItemGroup>
    <None Include="qdarkstyle\style.qss">
      <Filter>Resource Files</Filter>
    </None>
  </ItemGroup>
</Project>