<?xml version="1.0" encoding="utf-8"?>
<Project ToolsVersion="4.0" xmlns="http://schemas.microsoft.com/developer/msbuild/2003">
  <ItemGroup>
    <Filter Include="Source Files">
      <UniqueIdentifier>{4FC737F1-C7A5-4376-A066-2A32D752A2FF}</UniqueIdentifier>
      <Extensions>cpp;cxx;c;def</Extensions>
    </Filter>
    <Filter Include="Form Files">
      <UniqueIdentifier>{99349809-55BA-4b9d-BF79-8FDBB0286EB3}</UniqueIdentifier>
      <Extensions>ui</Extensions>
    </Filter>
    <Filter Include="Resource Files">
      <UniqueIdentifier>{D9D6E242-F8AF-46E4-B9FD-80ECBC20BA3E}</UniqueIdentifier>
      <Extensions>qrc;*</Extensions>
      <ParseFiles>false</ParseFiles>
    </Filter>
    <Filter Include="Generated Files">
      <UniqueIdentifier>{71ED8ED8-ACB9-4CE9-BBE1-E00B30144E11}</UniqueIdentifier>
      <Extensions>moc;h;cpp</Extensions>
      <SourceControlFiles>False</SourceControlFiles>
    </Filter>
    <Filter Include="Generated Files\Debug">
      <UniqueIdentifier>{689d84ba-471e-45b2-a209-674b5ca9bdc6}</UniqueIdentifier>
      <Extensions>cpp;moc</Extensions>
      <SourceControlFiles>False</SourceControlFiles>
    </Filter>
    <Filter Include="Generated Files\Release">
      <UniqueIdentifier>{47c100e0-981e-460f-a41b-c9de54ea2c29}</UniqueIdentifier>
      <Extensions>cpp;moc</Extensions>
      <SourceControlFiles>False</SourceControlFiles>
    </Filter>
    <Filter Include="algorithm">
      <UniqueIdentifier>{0de2faa0-12da-4228-bb63-ecbf59d389a6}</UniqueIdentifier>
    </Filter>
    <Filter Include="algorithm\camera">
      <UniqueIdentifier>{8c0be3e5-177e-4535-a250-e1357d7a3c16}</UniqueIdentifier>
    </Filter>
    <Filter Include="algorithm\conv">
      <UniqueIdentifier>{d22d544b-ddb6-41f2-a58c-8cefb0b06b10}</UniqueIdentifier>
    </Filter>
    <Filter Include="algorithm\freeImage">
      <UniqueIdentifier>{19d0c743-227c-4666-9862-2f3706e528b2}</UniqueIdentifier>
    </Filter>
    <Filter Include="algorithm\kdtree">
      <UniqueIdentifier>{28a06150-5a0b-467d-ae71-f689c52026e8}</UniqueIdentifier>
    </Filter>
    <Filter Include="algorithm\ldpMat">
      <UniqueIdentifier>{13d2eccb-8484-490e-9a46-6df638bc10fa}</UniqueIdentifier>
    </Filter>
    <Filter Include="algorithm\openmesh">
      <UniqueIdentifier>{1b305bf4-4974-4a36-908a-9c87a8991314}</UniqueIdentifier>
    </Filter>
    <Filter Include="algorithm\renderable">
      <UniqueIdentifier>{f5d0d2eb-5677-4c9c-a1d4-e806730fd6aa}</UniqueIdentifier>
    </Filter>
    <Filter Include="algorithm\shader">
      <UniqueIdentifier>{65328cca-380a-417f-a2a1-d0c7f480b2fe}</UniqueIdentifier>
    </Filter>
    <Filter Include="algorithm\svgpp">
      <UniqueIdentifier>{d42d5c11-4c40-4af7-a44d-08b117081341}</UniqueIdentifier>
    </Filter>
    <Filter Include="algorithm\svgpp\nvprsvg">
      <UniqueIdentifier>{a0c256dd-817e-4b22-a21f-94e2816f4259}</UniqueIdentifier>
    </Filter>
    <Filter Include="algorithm\tinyxml">
      <UniqueIdentifier>{c05d38b2-c3af-4b0e-8522-ea9b0af7cc36}</UniqueIdentifier>
    </Filter>
    <Filter Include="algorithm\svgpp\nvprsvg\common">
      <UniqueIdentifier>{6f45ea97-e4f2-4ecb-a235-f3f0ff441ec6}</UniqueIdentifier>
    </Filter>
    <Filter Include="algorithm\svgpp\nvprsvg\stb">
      <UniqueIdentifier>{98db4efb-3d10-4bb0-8b41-6aed1ce67576}</UniqueIdentifier>
    </Filter>
    <Filter Include="algorithm\svgpp\nvprsvg\stc">
      <UniqueIdentifier>{88ff6030-16e8-48af-ba78-29f81d0def38}</UniqueIdentifier>
    </Filter>
    <Filter Include="algorithm\svgpp\nvprsvg\nvpr">
      <UniqueIdentifier>{8ee12c03-d053-4439-879a-b67f12656d39}</UniqueIdentifier>
    </Filter>
    <Filter Include="algorithm\svgpp\nvprsvg\cg">
      <UniqueIdentifier>{eb6d9ce6-f5f9-42e4-b765-0a8e47613d6b}</UniqueIdentifier>
    </Filter>
  </ItemGroup>
  <ItemGroup>
    <ClCompile Include="main.cpp">
      <Filter>Source Files</Filter>
    </ClCompile>
    <ClCompile Include="sewingeditor.cpp">
      <Filter>Source Files</Filter>
    </ClCompile>
    <ClCompile Include="GeneratedFiles\Debug\moc_sewingeditor.cpp">
      <Filter>Generated Files\Debug</Filter>
    </ClCompile>
    <ClCompile Include="GeneratedFiles\Release\moc_sewingeditor.cpp">
      <Filter>Generated Files\Release</Filter>
    </ClCompile>
    <ClCompile Include="GeneratedFiles\qrc_sewingeditor.cpp">
      <Filter>Generated Files</Filter>
    </ClCompile>
    <ClCompile Include="SquareWidget.cpp">
      <Filter>Source Files</Filter>
    </ClCompile>
    <ClCompile Include="basemeshviewer.cpp">
      <Filter>Source Files</Filter>
    </ClCompile>
    <ClCompile Include="GeneratedFiles\Debug\moc_basemeshviewer.cpp">
      <Filter>Generated Files\Debug</Filter>
    </ClCompile>
    <ClCompile Include="GeneratedFiles\Release\moc_basemeshviewer.cpp">
      <Filter>Generated Files\Release</Filter>
    </ClCompile>
    <ClCompile Include="algorithm\global_data_holder.cpp">
      <Filter>algorithm</Filter>
    </ClCompile>
    <ClCompile Include="algorithm\Param.cpp">
      <Filter>algorithm</Filter>
    </ClCompile>
    <ClCompile Include="algorithm\qimdebug.cpp">
      <Filter>algorithm</Filter>
    </ClCompile>
    <ClCompile Include="algorithm\util.cpp">
      <Filter>algorithm</Filter>
    </ClCompile>
    <ClCompile Include="algorithm\camera\Camera.cpp">
      <Filter>algorithm\camera</Filter>
    </ClCompile>
    <ClCompile Include="algorithm\conv\Convolution_Helper.cpp">
      <Filter>algorithm\conv</Filter>
    </ClCompile>
    <ClCompile Include="algorithm\conv\ConvolutionPyramid.cpp">
      <Filter>algorithm\conv</Filter>
    </ClCompile>
    <ClCompile Include="algorithm\conv\ImageData.cpp">
      <Filter>algorithm\conv</Filter>
    </ClCompile>
    <ClCompile Include="algorithm\FreeImage\CFreeImage.cpp">
      <Filter>algorithm\freeImage</Filter>
    </ClCompile>
    <ClCompile Include="algorithm\kdtree\AABB.cpp">
      <Filter>algorithm\kdtree</Filter>
    </ClCompile>
    <ClCompile Include="algorithm\kdtree\KdTree.cpp">
      <Filter>algorithm\kdtree</Filter>
    </ClCompile>
    <ClCompile Include="algorithm\kdtree\Primitive.cpp">
      <Filter>algorithm\kdtree</Filter>
    </ClCompile>
    <ClCompile Include="algorithm\Renderable\AbstractMesh.cpp">
      <Filter>algorithm\renderable</Filter>
    </ClCompile>
    <ClCompile Include="algorithm\Renderable\bmesh.cpp">
      <Filter>algorithm\renderable</Filter>
    </ClCompile>
    <ClCompile Include="algorithm\Renderable\BoneMesh.cpp">
      <Filter>algorithm\renderable</Filter>
    </ClCompile>
    <ClCompile Include="algorithm\Renderable\ConnComponent.cpp">
      <Filter>algorithm\renderable</Filter>
    </ClCompile>
    <ClCompile Include="algorithm\Renderable\CreaseMesh.cpp">
      <Filter>algorithm\renderable</Filter>
    </ClCompile>
    <ClCompile Include="algorithm\Renderable\GLNode.cpp">
      <Filter>algorithm\renderable</Filter>
    </ClCompile>
    <ClCompile Include="algorithm\Renderable\ObjMesh.cpp">
      <Filter>algorithm\renderable</Filter>
    </ClCompile>
    <ClCompile Include="algorithm\OpenMesh\OpenMeshWrapper.cpp">
      <Filter>algorithm\openmesh</Filter>
    </ClCompile>
    <ClCompile Include="algorithm\OpenMesh\triangle.c">
      <Filter>algorithm\openmesh</Filter>
    </ClCompile>
    <ClCompile Include="algorithm\Shader\glsl.cpp">
      <Filter>algorithm\shader</Filter>
    </ClCompile>
    <ClCompile Include="algorithm\Shader\glslprogram.cpp">
      <Filter>algorithm\shader</Filter>
    </ClCompile>
    <ClCompile Include="algorithm\Shader\ShaderManager.cpp">
      <Filter>algorithm\shader</Filter>
    </ClCompile>
    <ClCompile Include="SvgViewer.cpp">
      <Filter>Source Files</Filter>
    </ClCompile>
    <ClCompile Include="GeneratedFiles\Debug\moc_SvgViewer.cpp">
      <Filter>Generated Files\Debug</Filter>
    </ClCompile>
    <ClCompile Include="GeneratedFiles\Release\moc_SvgViewer.cpp">
      <Filter>Generated Files\Release</Filter>
    </ClCompile>
    <ClCompile Include="algorithm\svgpp\nvprsvg\ActiveControlPoint.cpp">
      <Filter>algorithm\svgpp\nvprsvg</Filter>
    </ClCompile>
    <ClCompile Include="algorithm\svgpp\nvprsvg\color_names.cpp">
      <Filter>algorithm\svgpp\nvprsvg</Filter>
    </ClCompile>
    <ClCompile Include="algorithm\svgpp\nvprsvg\freetype2_loader.cpp">
      <Filter>algorithm\svgpp\nvprsvg</Filter>
    </ClCompile>
    <ClCompile Include="algorithm\svgpp\nvprsvg\glmatrix.cpp">
      <Filter>algorithm\svgpp\nvprsvg</Filter>
    </ClCompile>
    <ClCompile Include="algorithm\svgpp\nvprsvg\path.cpp">
      <Filter>algorithm\svgpp\nvprsvg</Filter>
    </ClCompile>
    <ClCompile Include="algorithm\svgpp\nvprsvg\path_data.cpp">
      <Filter>algorithm\svgpp\nvprsvg</Filter>
    </ClCompile>
    <ClCompile Include="algorithm\svgpp\nvprsvg\path_parse_svg.cpp">
      <Filter>algorithm\svgpp\nvprsvg</Filter>
    </ClCompile>
    <ClCompile Include="algorithm\svgpp\nvprsvg\path_process.cpp">
      <Filter>algorithm\svgpp\nvprsvg</Filter>
    </ClCompile>
    <ClCompile Include="algorithm\svgpp\nvprsvg\renderer.cpp">
      <Filter>algorithm\svgpp\nvprsvg</Filter>
    </ClCompile>
    <ClCompile Include="algorithm\svgpp\nvprsvg\scene.cpp">
      <Filter>algorithm\svgpp\nvprsvg</Filter>
    </ClCompile>
    <ClCompile Include="algorithm\svgpp\nvprsvg\sRGB_vector.cpp">
      <Filter>algorithm\svgpp\nvprsvg</Filter>
    </ClCompile>
    <ClCompile Include="algorithm\svgpp\nvprsvg\svg_files.cpp">
      <Filter>algorithm\svgpp\nvprsvg</Filter>
    </ClCompile>
    <ClCompile Include="algorithm\svgpp\nvprsvg\svg_loader.cpp">
      <Filter>algorithm\svgpp\nvprsvg</Filter>
    </ClCompile>
    <ClCompile Include="algorithm\tinyxml\tinystr.cpp">
      <Filter>algorithm\tinyxml</Filter>
    </ClCompile>
    <ClCompile Include="algorithm\tinyxml\tinyxml.cpp">
      <Filter>algorithm\tinyxml</Filter>
    </ClCompile>
    <ClCompile Include="algorithm\tinyxml\tinyxmlerror.cpp">
      <Filter>algorithm\tinyxml</Filter>
    </ClCompile>
    <ClCompile Include="algorithm\tinyxml\tinyxmlparser.cpp">
      <Filter>algorithm\tinyxml</Filter>
    </ClCompile>
    <ClCompile Include="algorithm\svgpp\nvprsvg\common\dsa_emulate.c">
      <Filter>algorithm\svgpp\nvprsvg\common</Filter>
    </ClCompile>
    <ClCompile Include="algorithm\svgpp\nvprsvg\common\mjkimage.c">
      <Filter>algorithm\svgpp\nvprsvg\common</Filter>
    </ClCompile>
    <ClCompile Include="algorithm\svgpp\nvprsvg\common\request_vsync.c">
      <Filter>algorithm\svgpp\nvprsvg\common</Filter>
    </ClCompile>
    <ClCompile Include="algorithm\svgpp\nvprsvg\common\showfps.c">
      <Filter>algorithm\svgpp\nvprsvg\common</Filter>
    </ClCompile>
    <ClCompile Include="algorithm\svgpp\nvprsvg\common\sRGB_math.c">
      <Filter>algorithm\svgpp\nvprsvg\common</Filter>
    </ClCompile>
    <ClCompile Include="algorithm\svgpp\nvprsvg\common\trackball.c">
      <Filter>algorithm\svgpp\nvprsvg\common</Filter>
    </ClCompile>
    <ClCompile Include="algorithm\svgpp\nvprsvg\common\xform.c">
      <Filter>algorithm\svgpp\nvprsvg\common</Filter>
    </ClCompile>
    <ClCompile Include="algorithm\svgpp\nvprsvg\common\xform_cpp.cpp">
      <Filter>algorithm\svgpp\nvprsvg\common</Filter>
    </ClCompile>
    <ClCompile Include="algorithm\svgpp\nvprsvg\stb\stb_image.c">
      <Filter>algorithm\svgpp\nvprsvg\stb</Filter>
    </ClCompile>
    <ClCompile Include="algorithm\svgpp\nvprsvg\stc\renderer_stc.cpp">
      <Filter>algorithm\svgpp\nvprsvg\stc</Filter>
    </ClCompile>
    <ClCompile Include="algorithm\svgpp\nvprsvg\stc\scene_stc.cpp">
      <Filter>algorithm\svgpp\nvprsvg\stc</Filter>
    </ClCompile>
    <ClCompile Include="algorithm\svgpp\nvprsvg\nvpr\renderer_nvpr.cpp">
      <Filter>algorithm\svgpp\nvprsvg\nvpr</Filter>
    </ClCompile>
    <ClCompile Include="algorithm\svgpp\nvprsvg\nvpr\renderer_nvpr_path.cpp">
      <Filter>algorithm\svgpp\nvprsvg\nvpr</Filter>
    </ClCompile>
    <ClCompile Include="algorithm\svgpp\nvprsvg\nvpr\renderer_nvpr_shader.cpp">
      <Filter>algorithm\svgpp\nvprsvg\nvpr</Filter>
    </ClCompile>
    <ClCompile Include="algorithm\svgpp\nvprsvg\cg4cpp\src\abs.cpp">
      <Filter>algorithm\svgpp\nvprsvg\cg</Filter>
    </ClCompile>
    <ClCompile Include="algorithm\svgpp\nvprsvg\cg4cpp\src\acos.cpp">
      <Filter>algorithm\svgpp\nvprsvg\cg</Filter>
    </ClCompile>
    <ClCompile Include="algorithm\svgpp\nvprsvg\cg4cpp\src\all.cpp">
      <Filter>algorithm\svgpp\nvprsvg\cg</Filter>
    </ClCompile>
    <ClCompile Include="algorithm\svgpp\nvprsvg\cg4cpp\src\any.cpp">
      <Filter>algorithm\svgpp\nvprsvg\cg</Filter>
    </ClCompile>
    <ClCompile Include="algorithm\svgpp\nvprsvg\cg4cpp\src\asin.cpp">
      <Filter>algorithm\svgpp\nvprsvg\cg</Filter>
    </ClCompile>
    <ClCompile Include="algorithm\svgpp\nvprsvg\cg4cpp\src\atan.cpp">
      <Filter>algorithm\svgpp\nvprsvg\cg</Filter>
    </ClCompile>
    <ClCompile Include="algorithm\svgpp\nvprsvg\cg4cpp\src\atan2.cpp">
      <Filter>algorithm\svgpp\nvprsvg\cg</Filter>
    </ClCompile>
    <ClCompile Include="algorithm\svgpp\nvprsvg\cg4cpp\src\ceil.cpp">
      <Filter>algorithm\svgpp\nvprsvg\cg</Filter>
    </ClCompile>
    <ClCompile Include="algorithm\svgpp\nvprsvg\cg4cpp\src\clamp.cpp">
      <Filter>algorithm\svgpp\nvprsvg\cg</Filter>
    </ClCompile>
    <ClCompile Include="algorithm\svgpp\nvprsvg\cg4cpp\src\cos.cpp">
      <Filter>algorithm\svgpp\nvprsvg\cg</Filter>
    </ClCompile>
    <ClCompile Include="algorithm\svgpp\nvprsvg\cg4cpp\src\cosh.cpp">
      <Filter>algorithm\svgpp\nvprsvg\cg</Filter>
    </ClCompile>
    <ClCompile Include="algorithm\svgpp\nvprsvg\cg4cpp\src\cross.cpp">
      <Filter>algorithm\svgpp\nvprsvg\cg</Filter>
    </ClCompile>
    <ClCompile Include="algorithm\svgpp\nvprsvg\cg4cpp\src\degrees.cpp">
      <Filter>algorithm\svgpp\nvprsvg\cg</Filter>
    </ClCompile>
    <ClCompile Include="algorithm\svgpp\nvprsvg\cg4cpp\src\determinant.cpp">
      <Filter>algorithm\svgpp\nvprsvg\cg</Filter>
    </ClCompile>
    <ClCompile Include="algorithm\svgpp\nvprsvg\cg4cpp\src\distance.cpp">
      <Filter>algorithm\svgpp\nvprsvg\cg</Filter>
    </ClCompile>
    <ClCompile Include="algorithm\svgpp\nvprsvg\cg4cpp\src\dot.cpp">
      <Filter>algorithm\svgpp\nvprsvg\cg</Filter>
    </ClCompile>
    <ClCompile Include="algorithm\svgpp\nvprsvg\cg4cpp\src\exp.cpp">
      <Filter>algorithm\svgpp\nvprsvg\cg</Filter>
    </ClCompile>
    <ClCompile Include="algorithm\svgpp\nvprsvg\cg4cpp\src\exp2.cpp">
      <Filter>algorithm\svgpp\nvprsvg\cg</Filter>
    </ClCompile>
    <ClCompile Include="algorithm\svgpp\nvprsvg\cg4cpp\src\faceforward.cpp">
      <Filter>algorithm\svgpp\nvprsvg\cg</Filter>
    </ClCompile>
    <ClCompile Include="algorithm\svgpp\nvprsvg\cg4cpp\src\floatToIntBits.cpp">
      <Filter>algorithm\svgpp\nvprsvg\cg</Filter>
    </ClCompile>
    <ClCompile Include="algorithm\svgpp\nvprsvg\cg4cpp\src\floatToRawIntBits.cpp">
      <Filter>algorithm\svgpp\nvprsvg\cg</Filter>
    </ClCompile>
    <ClCompile Include="algorithm\svgpp\nvprsvg\cg4cpp\src\floor.cpp">
      <Filter>algorithm\svgpp\nvprsvg\cg</Filter>
    </ClCompile>
    <ClCompile Include="algorithm\svgpp\nvprsvg\cg4cpp\src\fmod.cpp">
      <Filter>algorithm\svgpp\nvprsvg\cg</Filter>
    </ClCompile>
    <ClCompile Include="algorithm\svgpp\nvprsvg\cg4cpp\src\frac.cpp">
      <Filter>algorithm\svgpp\nvprsvg\cg</Filter>
    </ClCompile>
    <ClCompile Include="algorithm\svgpp\nvprsvg\cg4cpp\src\fresnel.cpp">
      <Filter>algorithm\svgpp\nvprsvg\cg</Filter>
    </ClCompile>
    <ClCompile Include="algorithm\svgpp\nvprsvg\cg4cpp\src\frexp.cpp">
      <Filter>algorithm\svgpp\nvprsvg\cg</Filter>
    </ClCompile>
    <ClCompile Include="algorithm\svgpp\nvprsvg\cg4cpp\src\intBitsToFloat.cpp">
      <Filter>algorithm\svgpp\nvprsvg\cg</Filter>
    </ClCompile>
    <ClCompile Include="algorithm\svgpp\nvprsvg\cg4cpp\src\inverse.cpp">
      <Filter>algorithm\svgpp\nvprsvg\cg</Filter>
    </ClCompile>
    <ClCompile Include="algorithm\svgpp\nvprsvg\cg4cpp\src\iostream.cpp">
      <Filter>algorithm\svgpp\nvprsvg\cg</Filter>
    </ClCompile>
    <ClCompile Include="algorithm\svgpp\nvprsvg\cg4cpp\src\isfinite.cpp">
      <Filter>algorithm\svgpp\nvprsvg\cg</Filter>
    </ClCompile>
    <ClCompile Include="algorithm\svgpp\nvprsvg\cg4cpp\src\isinf.cpp">
      <Filter>algorithm\svgpp\nvprsvg\cg</Filter>
    </ClCompile>
    <ClCompile Include="algorithm\svgpp\nvprsvg\cg4cpp\src\isnan.cpp">
      <Filter>algorithm\svgpp\nvprsvg\cg</Filter>
    </ClCompile>
    <ClCompile Include="algorithm\svgpp\nvprsvg\cg4cpp\src\ldexp.cpp">
      <Filter>algorithm\svgpp\nvprsvg\cg</Filter>
    </ClCompile>
    <ClCompile Include="algorithm\svgpp\nvprsvg\cg4cpp\src\length.cpp">
      <Filter>algorithm\svgpp\nvprsvg\cg</Filter>
    </ClCompile>
    <ClCompile Include="algorithm\svgpp\nvprsvg\cg4cpp\src\lerp.cpp">
      <Filter>algorithm\svgpp\nvprsvg\cg</Filter>
    </ClCompile>
    <ClCompile Include="algorithm\svgpp\nvprsvg\cg4cpp\src\lit.cpp">
      <Filter>algorithm\svgpp\nvprsvg\cg</Filter>
    </ClCompile>
    <ClCompile Include="algorithm\svgpp\nvprsvg\cg4cpp\src\log.cpp">
      <Filter>algorithm\svgpp\nvprsvg\cg</Filter>
    </ClCompile>
    <ClCompile Include="algorithm\svgpp\nvprsvg\cg4cpp\src\log2.cpp">
      <Filter>algorithm\svgpp\nvprsvg\cg</Filter>
    </ClCompile>
    <ClCompile Include="algorithm\svgpp\nvprsvg\cg4cpp\src\log10.cpp">
      <Filter>algorithm\svgpp\nvprsvg\cg</Filter>
    </ClCompile>
    <ClCompile Include="algorithm\svgpp\nvprsvg\cg4cpp\src\max.cpp">
      <Filter>algorithm\svgpp\nvprsvg\cg</Filter>
    </ClCompile>
    <ClCompile Include="algorithm\svgpp\nvprsvg\cg4cpp\src\min.cpp">
      <Filter>algorithm\svgpp\nvprsvg\cg</Filter>
    </ClCompile>
    <ClCompile Include="algorithm\svgpp\nvprsvg\cg4cpp\src\modf.cpp">
      <Filter>algorithm\svgpp\nvprsvg\cg</Filter>
    </ClCompile>
    <ClCompile Include="algorithm\svgpp\nvprsvg\cg4cpp\src\mul.cpp">
      <Filter>algorithm\svgpp\nvprsvg\cg</Filter>
    </ClCompile>
    <ClCompile Include="algorithm\svgpp\nvprsvg\cg4cpp\src\normalize.cpp">
      <Filter>algorithm\svgpp\nvprsvg\cg</Filter>
    </ClCompile>
    <ClCompile Include="algorithm\svgpp\nvprsvg\cg4cpp\src\pow.cpp">
      <Filter>algorithm\svgpp\nvprsvg\cg</Filter>
    </ClCompile>
    <ClCompile Include="algorithm\svgpp\nvprsvg\cg4cpp\src\radians.cpp">
      <Filter>algorithm\svgpp\nvprsvg\cg</Filter>
    </ClCompile>
    <ClCompile Include="algorithm\svgpp\nvprsvg\cg4cpp\src\reflect.cpp">
      <Filter>algorithm\svgpp\nvprsvg\cg</Filter>
    </ClCompile>
    <ClCompile Include="algorithm\svgpp\nvprsvg\cg4cpp\src\refract.cpp">
      <Filter>algorithm\svgpp\nvprsvg\cg</Filter>
    </ClCompile>
    <ClCompile Include="algorithm\svgpp\nvprsvg\cg4cpp\src\round.cpp">
      <Filter>algorithm\svgpp\nvprsvg\cg</Filter>
    </ClCompile>
    <ClCompile Include="algorithm\svgpp\nvprsvg\cg4cpp\src\rsqrt.cpp">
      <Filter>algorithm\svgpp\nvprsvg\cg</Filter>
    </ClCompile>
    <ClCompile Include="algorithm\svgpp\nvprsvg\cg4cpp\src\sampler_gl.cpp">
      <Filter>algorithm\svgpp\nvprsvg\cg</Filter>
    </ClCompile>
    <ClCompile Include="algorithm\svgpp\nvprsvg\cg4cpp\src\sampler_state.cpp">
      <Filter>algorithm\svgpp\nvprsvg\cg</Filter>
    </ClCompile>
    <ClCompile Include="algorithm\svgpp\nvprsvg\cg4cpp\src\sampler1D.cpp">
      <Filter>algorithm\svgpp\nvprsvg\cg</Filter>
    </ClCompile>
    <ClCompile Include="algorithm\svgpp\nvprsvg\cg4cpp\src\sampler1DARRAY.cpp">
      <Filter>algorithm\svgpp\nvprsvg\cg</Filter>
    </ClCompile>
    <ClCompile Include="algorithm\svgpp\nvprsvg\cg4cpp\src\sampler2D.cpp">
      <Filter>algorithm\svgpp\nvprsvg\cg</Filter>
    </ClCompile>
    <ClCompile Include="algorithm\svgpp\nvprsvg\cg4cpp\src\sampler2DARRAY.cpp">
      <Filter>algorithm\svgpp\nvprsvg\cg</Filter>
    </ClCompile>
    <ClCompile Include="algorithm\svgpp\nvprsvg\cg4cpp\src\sampler3D.cpp">
      <Filter>algorithm\svgpp\nvprsvg\cg</Filter>
    </ClCompile>
    <ClCompile Include="algorithm\svgpp\nvprsvg\cg4cpp\src\samplerBUF.cpp">
      <Filter>algorithm\svgpp\nvprsvg\cg</Filter>
    </ClCompile>
    <ClCompile Include="algorithm\svgpp\nvprsvg\cg4cpp\src\samplerCUBE.cpp">
      <Filter>algorithm\svgpp\nvprsvg\cg</Filter>
    </ClCompile>
    <ClCompile Include="algorithm\svgpp\nvprsvg\cg4cpp\src\samplerRECT.cpp">
      <Filter>algorithm\svgpp\nvprsvg\cg</Filter>
    </ClCompile>
    <ClCompile Include="algorithm\svgpp\nvprsvg\cg4cpp\src\saturate.cpp">
      <Filter>algorithm\svgpp\nvprsvg\cg</Filter>
    </ClCompile>
    <ClCompile Include="algorithm\svgpp\nvprsvg\cg4cpp\src\sign.cpp">
      <Filter>algorithm\svgpp\nvprsvg\cg</Filter>
    </ClCompile>
    <ClCompile Include="algorithm\svgpp\nvprsvg\cg4cpp\src\sin.cpp">
      <Filter>algorithm\svgpp\nvprsvg\cg</Filter>
    </ClCompile>
    <ClCompile Include="algorithm\svgpp\nvprsvg\cg4cpp\src\sincos.cpp">
      <Filter>algorithm\svgpp\nvprsvg\cg</Filter>
    </ClCompile>
    <ClCompile Include="algorithm\svgpp\nvprsvg\cg4cpp\src\sinh.cpp">
      <Filter>algorithm\svgpp\nvprsvg\cg</Filter>
    </ClCompile>
    <ClCompile Include="algorithm\svgpp\nvprsvg\cg4cpp\src\smoothstep.cpp">
      <Filter>algorithm\svgpp\nvprsvg\cg</Filter>
    </ClCompile>
    <ClCompile Include="algorithm\svgpp\nvprsvg\cg4cpp\src\sqrt.cpp">
      <Filter>algorithm\svgpp\nvprsvg\cg</Filter>
    </ClCompile>
    <ClCompile Include="algorithm\svgpp\nvprsvg\cg4cpp\src\step.cpp">
      <Filter>algorithm\svgpp\nvprsvg\cg</Filter>
    </ClCompile>
    <ClCompile Include="algorithm\svgpp\nvprsvg\cg4cpp\src\tan.cpp">
      <Filter>algorithm\svgpp\nvprsvg\cg</Filter>
    </ClCompile>
    <ClCompile Include="algorithm\svgpp\nvprsvg\cg4cpp\src\tanh.cpp">
      <Filter>algorithm\svgpp\nvprsvg\cg</Filter>
    </ClCompile>
    <ClCompile Include="algorithm\svgpp\nvprsvg\cg4cpp\src\transpose.cpp">
      <Filter>algorithm\svgpp\nvprsvg\cg</Filter>
    </ClCompile>
    <ClCompile Include="algorithm\svgpp\nvprsvg\cg4cpp\src\trunc.cpp">
      <Filter>algorithm\svgpp\nvprsvg\cg</Filter>
    </ClCompile>
    <ClCompile Include="algorithm\svgpp\nvprsvg\cg4cpp\src\upper1x1.cpp">
      <Filter>algorithm\svgpp\nvprsvg\cg</Filter>
    </ClCompile>
    <ClCompile Include="algorithm\svgpp\nvprsvg\cg4cpp\src\upper1x2.cpp">
      <Filter>algorithm\svgpp\nvprsvg\cg</Filter>
    </ClCompile>
    <ClCompile Include="algorithm\svgpp\nvprsvg\cg4cpp\src\upper1x3.cpp">
      <Filter>algorithm\svgpp\nvprsvg\cg</Filter>
    </ClCompile>
    <ClCompile Include="algorithm\svgpp\nvprsvg\cg4cpp\src\upper1x4.cpp">
      <Filter>algorithm\svgpp\nvprsvg\cg</Filter>
    </ClCompile>
    <ClCompile Include="algorithm\svgpp\nvprsvg\cg4cpp\src\upper2x1.cpp">
      <Filter>algorithm\svgpp\nvprsvg\cg</Filter>
    </ClCompile>
    <ClCompile Include="algorithm\svgpp\nvprsvg\cg4cpp\src\upper2x2.cpp">
      <Filter>algorithm\svgpp\nvprsvg\cg</Filter>
    </ClCompile>
    <ClCompile Include="algorithm\svgpp\nvprsvg\cg4cpp\src\upper2x3.cpp">
      <Filter>algorithm\svgpp\nvprsvg\cg</Filter>
    </ClCompile>
    <ClCompile Include="algorithm\svgpp\nvprsvg\cg4cpp\src\upper2x4.cpp">
      <Filter>algorithm\svgpp\nvprsvg\cg</Filter>
    </ClCompile>
    <ClCompile Include="algorithm\svgpp\nvprsvg\cg4cpp\src\upper3x1.cpp">
      <Filter>algorithm\svgpp\nvprsvg\cg</Filter>
    </ClCompile>
    <ClCompile Include="algorithm\svgpp\nvprsvg\cg4cpp\src\upper3x2.cpp">
      <Filter>algorithm\svgpp\nvprsvg\cg</Filter>
    </ClCompile>
    <ClCompile Include="algorithm\svgpp\nvprsvg\cg4cpp\src\upper3x3.cpp">
      <Filter>algorithm\svgpp\nvprsvg\cg</Filter>
    </ClCompile>
    <ClCompile Include="algorithm\svgpp\nvprsvg\cg4cpp\src\upper3x4.cpp">
      <Filter>algorithm\svgpp\nvprsvg\cg</Filter>
    </ClCompile>
    <ClCompile Include="algorithm\svgpp\nvprsvg\cg4cpp\src\upper4x1.cpp">
      <Filter>algorithm\svgpp\nvprsvg\cg</Filter>
    </ClCompile>
    <ClCompile Include="algorithm\svgpp\nvprsvg\cg4cpp\src\upper4x2.cpp">
      <Filter>algorithm\svgpp\nvprsvg\cg</Filter>
    </ClCompile>
    <ClCompile Include="algorithm\svgpp\nvprsvg\cg4cpp\src\upper4x3.cpp">
      <Filter>algorithm\svgpp\nvprsvg\cg</Filter>
    </ClCompile>
    <ClCompile Include="algorithm\svgpp\nvprsvg\cg4cpp\src\upper4x4.cpp">
      <Filter>algorithm\svgpp\nvprsvg\cg</Filter>
    </ClCompile>
    <ClCompile Include="algorithm\svgpp\SvgManager.cpp">
      <Filter>algorithm\svgpp</Filter>
    </ClCompile>
    <ClCompile Include="algorithm\svgpp\SvgAbstractObject.cpp">
      <Filter>algorithm\svgpp</Filter>
    </ClCompile>
    <ClCompile Include="algorithm\svgpp\SvgAttribute.cpp">
      <Filter>algorithm\svgpp</Filter>
    </ClCompile>
    <ClCompile Include="algorithm\svgpp\SvgClipPath.cpp">
      <Filter>algorithm\svgpp</Filter>
    </ClCompile>
    <ClCompile Include="algorithm\svgpp\SvgPath.cpp">
      <Filter>algorithm\svgpp</Filter>
    </ClCompile>
    <ClCompile Include="algorithm\svgpp\SvgText.cpp">
      <Filter>algorithm\svgpp</Filter>
    </ClCompile>
    <ClCompile Include="algorithm\svgpp\SvgGroup.cpp">
      <Filter>algorithm\svgpp</Filter>
    </ClCompile>
    <ClCompile Include="algorithm\svgpp\nvprsvg\common\render_font.cpp">
      <Filter>algorithm\svgpp\nvprsvg\common</Filter>
    </ClCompile>
  </ItemGroup>
  <ItemGroup>
    <CustomBuild Include="sewingeditor.ui">
      <Filter>Form Files</Filter>
    </CustomBuild>
    <CustomBuild Include="sewingeditor.qrc">
      <Filter>Resource Files</Filter>
    </CustomBuild>
    <CustomBuild Include="sewingeditor.h">
      <Filter>Source Files</Filter>
    </CustomBuild>
    <CustomBuild Include="basemeshviewer.h">
      <Filter>Source Files</Filter>
    </CustomBuild>
    <CustomBuild Include="SvgViewer.h">
      <Filter>Source Files</Filter>
    </CustomBuild>
  </ItemGroup>
  <ItemGroup>
    <ClInclude Include="GeneratedFiles\ui_sewingeditor.h">
      <Filter>Generated Files</Filter>
    </ClInclude>
    <ClInclude Include="SquareWidget.h">
      <Filter>Source Files</Filter>
    </ClInclude>
    <ClInclude Include="algorithm\global_data_holder.h">
      <Filter>algorithm</Filter>
    </ClInclude>
    <ClInclude Include="algorithm\LMSolver.h">
      <Filter>algorithm</Filter>
    </ClInclude>
    <ClInclude Include="algorithm\Param.h">
      <Filter>algorithm</Filter>
    </ClInclude>
    <ClInclude Include="algorithm\qimdebug.h">
      <Filter>algorithm</Filter>
    </ClInclude>
    <ClInclude Include="algorithm\util.h">
      <Filter>algorithm</Filter>
    </ClInclude>
    <ClInclude Include="algorithm\ldpMat\half.hpp">
      <Filter>algorithm\ldpMat</Filter>
    </ClInclude>
    <ClInclude Include="algorithm\ldpMat\ldp_basic_mat.h">
      <Filter>algorithm\ldpMat</Filter>
    </ClInclude>
    <ClInclude Include="algorithm\ldpMat\ldp_basic_vec.h">
      <Filter>algorithm\ldpMat</Filter>
    </ClInclude>
    <ClInclude Include="algorithm\ldpMat\ldpdef.h">
      <Filter>algorithm\ldpMat</Filter>
    </ClInclude>
    <ClInclude Include="algorithm\ldpMat\Quaternion.h">
      <Filter>algorithm\ldpMat</Filter>
    </ClInclude>
    <ClInclude Include="algorithm\camera\Camera.h">
      <Filter>algorithm\camera</Filter>
    </ClInclude>
    <ClInclude Include="algorithm\camera\fmath.h">
      <Filter>algorithm\camera</Filter>
    </ClInclude>
    <ClInclude Include="algorithm\conv\Convolution_Helper.h">
      <Filter>algorithm\conv</Filter>
    </ClInclude>
    <ClInclude Include="algorithm\conv\ConvolutionPyramid.h">
      <Filter>algorithm\conv</Filter>
    </ClInclude>
    <ClInclude Include="algorithm\conv\ImageData.h">
      <Filter>algorithm\conv</Filter>
    </ClInclude>
    <ClInclude Include="algorithm\FreeImage\CFreeImage.h">
      <Filter>algorithm\freeImage</Filter>
    </ClInclude>
    <ClInclude Include="algorithm\FreeImage\FreeImage.h">
      <Filter>algorithm\freeImage</Filter>
    </ClInclude>
    <ClInclude Include="algorithm\kdtree\AABB.h">
      <Filter>algorithm\kdtree</Filter>
    </ClInclude>
    <ClInclude Include="algorithm\kdtree\BSphere.h">
      <Filter>algorithm\kdtree</Filter>
    </ClInclude>
    <ClInclude Include="algorithm\kdtree\common.h">
      <Filter>algorithm\kdtree</Filter>
    </ClInclude>
    <ClInclude Include="algorithm\kdtree\KdTree.h">
      <Filter>algorithm\kdtree</Filter>
    </ClInclude>
    <ClInclude Include="algorithm\kdtree\nanoflann.hpp">
      <Filter>algorithm\kdtree</Filter>
    </ClInclude>
    <ClInclude Include="algorithm\kdtree\PointTree.h">
      <Filter>algorithm\kdtree</Filter>
    </ClInclude>
    <ClInclude Include="algorithm\kdtree\Primitive.h">
      <Filter>algorithm\kdtree</Filter>
    </ClInclude>
    <ClInclude Include="algorithm\kdtree\Ray.h">
      <Filter>algorithm\kdtree</Filter>
    </ClInclude>
    <ClInclude Include="algorithm\Renderable\AbstractMesh.h">
      <Filter>algorithm\renderable</Filter>
    </ClInclude>
    <ClInclude Include="algorithm\Renderable\bmesh.h">
      <Filter>algorithm\renderable</Filter>
    </ClInclude>
    <ClInclude Include="algorithm\Renderable\bmesh_private.h">
      <Filter>algorithm\renderable</Filter>
    </ClInclude>
    <ClInclude Include="algorithm\Renderable\BoneMesh.h">
      <Filter>algorithm\renderable</Filter>
    </ClInclude>
    <ClInclude Include="algorithm\Renderable\ConnComponent.h">
      <Filter>algorithm\renderable</Filter>
    </ClInclude>
    <ClInclude Include="algorithm\Renderable\CreaseMesh.h">
      <Filter>algorithm\renderable</Filter>
    </ClInclude>
    <ClInclude Include="algorithm\Renderable\Error.h">
      <Filter>algorithm\renderable</Filter>
    </ClInclude>
    <ClInclude Include="algorithm\Renderable\GLNode.h">
      <Filter>algorithm\renderable</Filter>
    </ClInclude>
    <ClInclude Include="algorithm\Renderable\ObjMesh.h">
      <Filter>algorithm\renderable</Filter>
    </ClInclude>
    <ClInclude Include="algorithm\Renderable\Renderable.h">
      <Filter>algorithm\renderable</Filter>
    </ClInclude>
    <ClInclude Include="algorithm\OpenMesh\OpenMeshWrapper.h">
      <Filter>algorithm\openmesh</Filter>
    </ClInclude>
    <ClInclude Include="algorithm\OpenMesh\triangle.h">
      <Filter>algorithm\openmesh</Filter>
    </ClInclude>
    <ClInclude Include="algorithm\Shader\glsl.h">
      <Filter>algorithm\shader</Filter>
    </ClInclude>
    <ClInclude Include="algorithm\Shader\glslprogram.h">
      <Filter>algorithm\shader</Filter>
    </ClInclude>
    <ClInclude Include="algorithm\Shader\ShaderManager.h">
      <Filter>algorithm\shader</Filter>
    </ClInclude>
    <ClInclude Include="algorithm\svgpp\nvprsvg\ActiveControlPoint.hpp">
      <Filter>algorithm\svgpp\nvprsvg</Filter>
    </ClInclude>
    <ClInclude Include="algorithm\svgpp\nvprsvg\boar_colors.h">
      <Filter>algorithm\svgpp\nvprsvg</Filter>
    </ClInclude>
    <ClInclude Include="algorithm\svgpp\nvprsvg\boar_paths.h">
      <Filter>algorithm\svgpp\nvprsvg</Filter>
    </ClInclude>
    <ClInclude Include="algorithm\svgpp\nvprsvg\color_names.hpp">
      <Filter>algorithm\svgpp\nvprsvg</Filter>
    </ClInclude>
    <ClInclude Include="algorithm\svgpp\nvprsvg\countof.h">
      <Filter>algorithm\svgpp\nvprsvg</Filter>
    </ClInclude>
    <ClInclude Include="algorithm\svgpp\nvprsvg\freetype2_loader.hpp">
      <Filter>algorithm\svgpp\nvprsvg</Filter>
    </ClInclude>
    <ClInclude Include="algorithm\svgpp\nvprsvg\glmatrix.hpp">
      <Filter>algorithm\svgpp\nvprsvg</Filter>
    </ClInclude>
    <ClInclude Include="algorithm\svgpp\nvprsvg\misc_math.hpp">
      <Filter>algorithm\svgpp\nvprsvg</Filter>
    </ClInclude>
    <ClInclude Include="algorithm\svgpp\nvprsvg\nvpr_svg_config.h">
      <Filter>algorithm\svgpp\nvprsvg</Filter>
    </ClInclude>
    <ClInclude Include="algorithm\svgpp\nvprsvg\path.hpp">
      <Filter>algorithm\svgpp\nvprsvg</Filter>
    </ClInclude>
    <ClInclude Include="algorithm\svgpp\nvprsvg\path_data.h">
      <Filter>algorithm\svgpp\nvprsvg</Filter>
    </ClInclude>
    <ClInclude Include="algorithm\svgpp\nvprsvg\path_parse_svg.h">
      <Filter>algorithm\svgpp\nvprsvg</Filter>
    </ClInclude>
    <ClInclude Include="algorithm\svgpp\nvprsvg\path_process.hpp">
      <Filter>algorithm\svgpp\nvprsvg</Filter>
    </ClInclude>
    <ClInclude Include="algorithm\svgpp\nvprsvg\path_stats.hpp">
      <Filter>algorithm\svgpp\nvprsvg</Filter>
    </ClInclude>
    <ClInclude Include="algorithm\svgpp\nvprsvg\PathStyle.hpp">
      <Filter>algorithm\svgpp\nvprsvg</Filter>
    </ClInclude>
    <ClInclude Include="algorithm\svgpp\nvprsvg\renderer.hpp">
      <Filter>algorithm\svgpp\nvprsvg</Filter>
    </ClInclude>
    <ClInclude Include="algorithm\svgpp\nvprsvg\scene.hpp">
      <Filter>algorithm\svgpp\nvprsvg</Filter>
    </ClInclude>
    <ClInclude Include="algorithm\svgpp\nvprsvg\sRGB_vector.hpp">
      <Filter>algorithm\svgpp\nvprsvg</Filter>
    </ClInclude>
    <ClInclude Include="algorithm\svgpp\nvprsvg\svg_files.hpp">
      <Filter>algorithm\svgpp\nvprsvg</Filter>
    </ClInclude>
    <ClInclude Include="algorithm\svgpp\nvprsvg\svg_loader.hpp">
      <Filter>algorithm\svgpp\nvprsvg</Filter>
    </ClInclude>
    <ClInclude Include="algorithm\tinyxml\tinystr.h">
      <Filter>algorithm\tinyxml</Filter>
    </ClInclude>
    <ClInclude Include="algorithm\tinyxml\tinyxml.h">
      <Filter>algorithm\tinyxml</Filter>
    </ClInclude>
    <ClInclude Include="algorithm\svgpp\nvprsvg\common\brick_image.h">
      <Filter>algorithm\svgpp\nvprsvg\common</Filter>
    </ClInclude>
    <ClInclude Include="algorithm\svgpp\nvprsvg\common\countof.h">
      <Filter>algorithm\svgpp\nvprsvg\common</Filter>
    </ClInclude>
    <ClInclude Include="algorithm\svgpp\nvprsvg\common\dsa_emulate.h">
      <Filter>algorithm\svgpp\nvprsvg\common</Filter>
    </ClInclude>
    <ClInclude Include="algorithm\svgpp\nvprsvg\common\mjkimage.h">
      <Filter>algorithm\svgpp\nvprsvg\common</Filter>
    </ClInclude>
    <ClInclude Include="algorithm\svgpp\nvprsvg\common\request_vsync.h">
      <Filter>algorithm\svgpp\nvprsvg\common</Filter>
    </ClInclude>
    <ClInclude Include="algorithm\svgpp\nvprsvg\common\showfps.h">
      <Filter>algorithm\svgpp\nvprsvg\common</Filter>
    </ClInclude>
    <ClInclude Include="algorithm\svgpp\nvprsvg\common\sRGB_math.h">
      <Filter>algorithm\svgpp\nvprsvg\common</Filter>
    </ClInclude>
    <ClInclude Include="algorithm\svgpp\nvprsvg\common\trackball.h">
      <Filter>algorithm\svgpp\nvprsvg\common</Filter>
    </ClInclude>
    <ClInclude Include="algorithm\svgpp\nvprsvg\common\xform.h">
      <Filter>algorithm\svgpp\nvprsvg\common</Filter>
    </ClInclude>
    <ClInclude Include="algorithm\svgpp\nvprsvg\common\xform.hpp">
      <Filter>algorithm\svgpp\nvprsvg\common</Filter>
    </ClInclude>
    <ClInclude Include="algorithm\svgpp\nvprsvg\stb\stb_image.h">
      <Filter>algorithm\svgpp\nvprsvg\stb</Filter>
    </ClInclude>
    <ClInclude Include="algorithm\svgpp\nvprsvg\stc\renderer_stc.hpp">
      <Filter>algorithm\svgpp\nvprsvg\stc</Filter>
    </ClInclude>
    <ClInclude Include="algorithm\svgpp\nvprsvg\stc\scene_stc.hpp">
      <Filter>algorithm\svgpp\nvprsvg\stc</Filter>
    </ClInclude>
    <ClInclude Include="algorithm\svgpp\nvprsvg\nvpr\renderer_nvpr.hpp">
      <Filter>algorithm\svgpp\nvprsvg\nvpr</Filter>
    </ClInclude>
    <ClInclude Include="algorithm\svgpp\SvgManager.h">
      <Filter>algorithm\svgpp</Filter>
    </ClInclude>
    <ClInclude Include="algorithm\svgpp\SvgAbstractObject.h">
      <Filter>algorithm\svgpp</Filter>
    </ClInclude>
    <ClInclude Include="algorithm\svgpp\SvgAttribute.h">
      <Filter>algorithm\svgpp</Filter>
    </ClInclude>
    <ClInclude Include="algorithm\svgpp\SvgClipPath.h">
      <Filter>algorithm\svgpp</Filter>
    </ClInclude>
    <ClInclude Include="algorithm\svgpp\SvgPath.h">
      <Filter>algorithm\svgpp</Filter>
    </ClInclude>
    <ClInclude Include="algorithm\svgpp\SvgText.h">
      <Filter>algorithm\svgpp</Filter>
    </ClInclude>
    <ClInclude Include="algorithm\svgpp\SvgGroup.h">
      <Filter>algorithm\svgpp</Filter>
    </ClInclude>
    <ClInclude Include="algorithm\svgpp\nvprsvg\common\render_font.hpp">
      <Filter>algorithm\svgpp\nvprsvg\common</Filter>
    </ClInclude>
  </ItemGroup>
</Project>